{
  "version": 4,
  "terraform_version": "1.5.7",
  "serial": 331,
  "lineage": "cd8fbb06-3337-a9f9-72e1-04ead47bbff2",
  "outputs": {
    "vm_ips": {
      "value": {
        "EUWest1": "",
        "NorthEurope": "",
        "UKSouth1": "",
        "UKSouth2": "",
        "UKSouth3": "",
        "UKSouth4": "",
        "UKWest1": "",
        "UKWest2": "",
        "UKWest3": "",
        "UKWest4": ""
      },
      "type": [
        "object",
        {
          "EUWest1": "string",
          "NorthEurope": "string",
          "UKSouth1": "string",
          "UKSouth2": "string",
          "UKSouth3": "string",
          "UKSouth4": "string",
          "UKWest1": "string",
          "UKWest2": "string",
          "UKWest3": "string",
          "UKWest4": "string"
        }
      ]
    }
  },
  "resources": [
    {
      "mode": "managed",
      "type": "azurerm_network_interface",
      "name": "glasto_NI",
      "provider": "provider[\"registry.terraform.io/hashicorp/azurerm\"]",
      "instances": [
        {
          "index_key": "EUWest1",
          "schema_version": 0,
          "attributes": {
            "applied_dns_servers": [],
            "auxiliary_mode": "",
            "auxiliary_sku": "",
            "dns_servers": [],
            "edge_zone": "",
            "enable_accelerated_networking": false,
            "enable_ip_forwarding": false,
            "id": "/subscriptions/3ac00602-379c-46d6-afac-a59785a330b2/resourceGroups/glasto_RG_EUWest1/providers/Microsoft.Network/networkInterfaces/glasto_NI",
            "internal_dns_name_label": "",
            "internal_domain_name_suffix": "c0dpf5qjhrnulkjsl5shh4huud.ax.internal.cloudapp.net",
            "ip_configuration": [
              {
                "gateway_load_balancer_frontend_ip_configuration_id": "",
                "name": "internal",
                "primary": true,
                "private_ip_address": "10.0.2.4",
                "private_ip_address_allocation": "Dynamic",
                "private_ip_address_version": "IPv4",
                "public_ip_address_id": "/subscriptions/3ac00602-379c-46d6-afac-a59785a330b2/resourceGroups/glasto_RG_EUWest1/providers/Microsoft.Network/publicIPAddresses/vm_public_IP",
                "subnet_id": "/subscriptions/3ac00602-379c-46d6-afac-a59785a330b2/resourceGroups/glasto_RG_EUWest1/providers/Microsoft.Network/virtualNetworks/glasto_VNET/subnets/glasto_SNET"
              }
            ],
            "location": "westeurope",
            "mac_address": "",
            "name": "glasto_NI",
            "private_ip_address": "10.0.2.4",
            "private_ip_addresses": [
              "10.0.2.4"
            ],
            "resource_group_name": "glasto_RG_EUWest1",
            "tags": null,
            "timeouts": null,
            "virtual_machine_id": ""
          },
          "sensitive_attributes": [],
          "private": "eyJlMmJmYjczMC1lY2FhLTExZTYtOGY4OC0zNDM2M2JjN2M0YzAiOnsiY3JlYXRlIjoxODAwMDAwMDAwMDAwLCJkZWxldGUiOjE4MDAwMDAwMDAwMDAsInJlYWQiOjMwMDAwMDAwMDAwMCwidXBkYXRlIjoxODAwMDAwMDAwMDAwfX0=",
          "dependencies": [
            "azurerm_public_ip.vm_public_IP",
            "azurerm_resource_group.glasto_RG",
            "azurerm_subnet.glasto_SNET",
            "azurerm_virtual_network.glasto_VNET"
          ]
        },
        {
          "index_key": "NorthEurope",
          "schema_version": 0,
          "attributes": {
            "applied_dns_servers": [],
            "auxiliary_mode": "",
            "auxiliary_sku": "",
            "dns_servers": [],
            "edge_zone": "",
            "enable_accelerated_networking": false,
            "enable_ip_forwarding": false,
            "id": "/subscriptions/3ac00602-379c-46d6-afac-a59785a330b2/resourceGroups/glasto_RG_NorthEurope/providers/Microsoft.Network/networkInterfaces/glasto_NI",
            "internal_dns_name_label": "",
            "internal_domain_name_suffix": "aa0uvzc3n3uebjmzfbbz30db4g.fx.internal.cloudapp.net",
            "ip_configuration": [
              {
                "gateway_load_balancer_frontend_ip_configuration_id": "",
                "name": "internal",
                "primary": true,
                "private_ip_address": "10.0.2.4",
                "private_ip_address_allocation": "Dynamic",
                "private_ip_address_version": "IPv4",
                "public_ip_address_id": "/subscriptions/3ac00602-379c-46d6-afac-a59785a330b2/resourceGroups/glasto_RG_NorthEurope/providers/Microsoft.Network/publicIPAddresses/vm_public_IP",
                "subnet_id": "/subscriptions/3ac00602-379c-46d6-afac-a59785a330b2/resourceGroups/glasto_RG_NorthEurope/providers/Microsoft.Network/virtualNetworks/glasto_VNET/subnets/glasto_SNET"
              }
            ],
            "location": "northeurope",
            "mac_address": "",
            "name": "glasto_NI",
            "private_ip_address": "10.0.2.4",
            "private_ip_addresses": [
              "10.0.2.4"
            ],
            "resource_group_name": "glasto_RG_NorthEurope",
            "tags": null,
            "timeouts": null,
            "virtual_machine_id": ""
          },
          "sensitive_attributes": [],
          "private": "eyJlMmJmYjczMC1lY2FhLTExZTYtOGY4OC0zNDM2M2JjN2M0YzAiOnsiY3JlYXRlIjoxODAwMDAwMDAwMDAwLCJkZWxldGUiOjE4MDAwMDAwMDAwMDAsInJlYWQiOjMwMDAwMDAwMDAwMCwidXBkYXRlIjoxODAwMDAwMDAwMDAwfX0=",
          "dependencies": [
            "azurerm_public_ip.vm_public_IP",
            "azurerm_resource_group.glasto_RG",
            "azurerm_subnet.glasto_SNET",
            "azurerm_virtual_network.glasto_VNET"
          ]
        },
        {
          "index_key": "UKSouth1",
          "schema_version": 0,
          "attributes": {
            "applied_dns_servers": [],
            "auxiliary_mode": "",
            "auxiliary_sku": "",
            "dns_servers": [],
            "edge_zone": "",
            "enable_accelerated_networking": false,
            "enable_ip_forwarding": false,
            "id": "/subscriptions/3ac00602-379c-46d6-afac-a59785a330b2/resourceGroups/glasto_RG_UKSouth1/providers/Microsoft.Network/networkInterfaces/glasto_NI",
            "internal_dns_name_label": "",
            "internal_domain_name_suffix": "lmxa3iontotujan33km2re2qyb.zx.internal.cloudapp.net",
            "ip_configuration": [
              {
                "gateway_load_balancer_frontend_ip_configuration_id": "",
                "name": "internal",
                "primary": true,
                "private_ip_address": "10.0.2.4",
                "private_ip_address_allocation": "Dynamic",
                "private_ip_address_version": "IPv4",
                "public_ip_address_id": "/subscriptions/3ac00602-379c-46d6-afac-a59785a330b2/resourceGroups/glasto_RG_UKSouth1/providers/Microsoft.Network/publicIPAddresses/vm_public_IP",
                "subnet_id": "/subscriptions/3ac00602-379c-46d6-afac-a59785a330b2/resourceGroups/glasto_RG_UKSouth1/providers/Microsoft.Network/virtualNetworks/glasto_VNET/subnets/glasto_SNET"
              }
            ],
            "location": "uksouth",
            "mac_address": "",
            "name": "glasto_NI",
            "private_ip_address": "10.0.2.4",
            "private_ip_addresses": [
              "10.0.2.4"
            ],
            "resource_group_name": "glasto_RG_UKSouth1",
            "tags": null,
            "timeouts": null,
            "virtual_machine_id": ""
          },
          "sensitive_attributes": [],
          "private": "eyJlMmJmYjczMC1lY2FhLTExZTYtOGY4OC0zNDM2M2JjN2M0YzAiOnsiY3JlYXRlIjoxODAwMDAwMDAwMDAwLCJkZWxldGUiOjE4MDAwMDAwMDAwMDAsInJlYWQiOjMwMDAwMDAwMDAwMCwidXBkYXRlIjoxODAwMDAwMDAwMDAwfX0=",
          "dependencies": [
            "azurerm_public_ip.vm_public_IP",
            "azurerm_resource_group.glasto_RG",
            "azurerm_subnet.glasto_SNET",
            "azurerm_virtual_network.glasto_VNET"
          ]
        },
        {
          "index_key": "UKSouth2",
          "schema_version": 0,
          "attributes": {
            "applied_dns_servers": [],
            "auxiliary_mode": "",
            "auxiliary_sku": "",
            "dns_servers": [],
            "edge_zone": "",
            "enable_accelerated_networking": false,
            "enable_ip_forwarding": false,
            "id": "/subscriptions/3ac00602-379c-46d6-afac-a59785a330b2/resourceGroups/glasto_RG_UKSouth2/providers/Microsoft.Network/networkInterfaces/glasto_NI",
            "internal_dns_name_label": "",
            "internal_domain_name_suffix": "booeyyb3p4hujjqhzywnyyecpf.zx.internal.cloudapp.net",
            "ip_configuration": [
              {
                "gateway_load_balancer_frontend_ip_configuration_id": "",
                "name": "internal",
                "primary": true,
                "private_ip_address": "10.0.2.4",
                "private_ip_address_allocation": "Dynamic",
                "private_ip_address_version": "IPv4",
                "public_ip_address_id": "/subscriptions/3ac00602-379c-46d6-afac-a59785a330b2/resourceGroups/glasto_RG_UKSouth2/providers/Microsoft.Network/publicIPAddresses/vm_public_IP",
                "subnet_id": "/subscriptions/3ac00602-379c-46d6-afac-a59785a330b2/resourceGroups/glasto_RG_UKSouth2/providers/Microsoft.Network/virtualNetworks/glasto_VNET/subnets/glasto_SNET"
              }
            ],
            "location": "uksouth",
            "mac_address": "",
            "name": "glasto_NI",
            "private_ip_address": "10.0.2.4",
            "private_ip_addresses": [
              "10.0.2.4"
            ],
            "resource_group_name": "glasto_RG_UKSouth2",
            "tags": null,
            "timeouts": null,
            "virtual_machine_id": ""
          },
          "sensitive_attributes": [],
          "private": "eyJlMmJmYjczMC1lY2FhLTExZTYtOGY4OC0zNDM2M2JjN2M0YzAiOnsiY3JlYXRlIjoxODAwMDAwMDAwMDAwLCJkZWxldGUiOjE4MDAwMDAwMDAwMDAsInJlYWQiOjMwMDAwMDAwMDAwMCwidXBkYXRlIjoxODAwMDAwMDAwMDAwfX0=",
          "dependencies": [
            "azurerm_public_ip.vm_public_IP",
            "azurerm_resource_group.glasto_RG",
            "azurerm_subnet.glasto_SNET",
            "azurerm_virtual_network.glasto_VNET"
          ]
        },
        {
          "index_key": "UKSouth3",
          "schema_version": 0,
          "attributes": {
            "applied_dns_servers": [],
            "auxiliary_mode": "",
            "auxiliary_sku": "",
            "dns_servers": [],
            "edge_zone": "",
            "enable_accelerated_networking": false,
            "enable_ip_forwarding": false,
            "id": "/subscriptions/3ac00602-379c-46d6-afac-a59785a330b2/resourceGroups/glasto_RG_UKSouth3/providers/Microsoft.Network/networkInterfaces/glasto_NI",
            "internal_dns_name_label": "",
            "internal_domain_name_suffix": "i2hh2galcynurbdraqq4z1p2md.zx.internal.cloudapp.net",
            "ip_configuration": [
              {
                "gateway_load_balancer_frontend_ip_configuration_id": "",
                "name": "internal",
                "primary": true,
                "private_ip_address": "10.0.2.4",
                "private_ip_address_allocation": "Dynamic",
                "private_ip_address_version": "IPv4",
                "public_ip_address_id": "/subscriptions/3ac00602-379c-46d6-afac-a59785a330b2/resourceGroups/glasto_RG_UKSouth3/providers/Microsoft.Network/publicIPAddresses/vm_public_IP",
                "subnet_id": "/subscriptions/3ac00602-379c-46d6-afac-a59785a330b2/resourceGroups/glasto_RG_UKSouth3/providers/Microsoft.Network/virtualNetworks/glasto_VNET/subnets/glasto_SNET"
              }
            ],
            "location": "uksouth",
            "mac_address": "",
            "name": "glasto_NI",
            "private_ip_address": "10.0.2.4",
            "private_ip_addresses": [
              "10.0.2.4"
            ],
            "resource_group_name": "glasto_RG_UKSouth3",
            "tags": null,
            "timeouts": null,
            "virtual_machine_id": ""
          },
          "sensitive_attributes": [],
          "private": "eyJlMmJmYjczMC1lY2FhLTExZTYtOGY4OC0zNDM2M2JjN2M0YzAiOnsiY3JlYXRlIjoxODAwMDAwMDAwMDAwLCJkZWxldGUiOjE4MDAwMDAwMDAwMDAsInJlYWQiOjMwMDAwMDAwMDAwMCwidXBkYXRlIjoxODAwMDAwMDAwMDAwfX0=",
          "dependencies": [
            "azurerm_public_ip.vm_public_IP",
            "azurerm_resource_group.glasto_RG",
            "azurerm_subnet.glasto_SNET",
            "azurerm_virtual_network.glasto_VNET"
          ]
        },
        {
          "index_key": "UKSouth4",
          "schema_version": 0,
          "attributes": {
            "applied_dns_servers": [],
            "auxiliary_mode": "",
            "auxiliary_sku": "",
            "dns_servers": [],
            "edge_zone": "",
            "enable_accelerated_networking": false,
            "enable_ip_forwarding": false,
            "id": "/subscriptions/3ac00602-379c-46d6-afac-a59785a330b2/resourceGroups/glasto_RG_UKSouth4/providers/Microsoft.Network/networkInterfaces/glasto_NI",
            "internal_dns_name_label": "",
            "internal_domain_name_suffix": "qaved30d0fxelf44g3dbyppfcf.zx.internal.cloudapp.net",
            "ip_configuration": [
              {
                "gateway_load_balancer_frontend_ip_configuration_id": "",
                "name": "internal",
                "primary": true,
                "private_ip_address": "10.0.2.4",
                "private_ip_address_allocation": "Dynamic",
                "private_ip_address_version": "IPv4",
                "public_ip_address_id": "/subscriptions/3ac00602-379c-46d6-afac-a59785a330b2/resourceGroups/glasto_RG_UKSouth4/providers/Microsoft.Network/publicIPAddresses/vm_public_IP",
                "subnet_id": "/subscriptions/3ac00602-379c-46d6-afac-a59785a330b2/resourceGroups/glasto_RG_UKSouth4/providers/Microsoft.Network/virtualNetworks/glasto_VNET/subnets/glasto_SNET"
              }
            ],
            "location": "uksouth",
            "mac_address": "",
            "name": "glasto_NI",
            "private_ip_address": "10.0.2.4",
            "private_ip_addresses": [
              "10.0.2.4"
            ],
            "resource_group_name": "glasto_RG_UKSouth4",
            "tags": null,
            "timeouts": null,
            "virtual_machine_id": ""
          },
          "sensitive_attributes": [],
          "private": "eyJlMmJmYjczMC1lY2FhLTExZTYtOGY4OC0zNDM2M2JjN2M0YzAiOnsiY3JlYXRlIjoxODAwMDAwMDAwMDAwLCJkZWxldGUiOjE4MDAwMDAwMDAwMDAsInJlYWQiOjMwMDAwMDAwMDAwMCwidXBkYXRlIjoxODAwMDAwMDAwMDAwfX0=",
          "dependencies": [
            "azurerm_public_ip.vm_public_IP",
            "azurerm_resource_group.glasto_RG",
            "azurerm_subnet.glasto_SNET",
            "azurerm_virtual_network.glasto_VNET"
          ]
        },
        {
          "index_key": "UKWest1",
          "schema_version": 0,
          "attributes": {
            "applied_dns_servers": [],
            "auxiliary_mode": "",
            "auxiliary_sku": "",
            "dns_servers": [],
            "edge_zone": "",
            "enable_accelerated_networking": false,
            "enable_ip_forwarding": false,
            "id": "/subscriptions/3ac00602-379c-46d6-afac-a59785a330b2/resourceGroups/glasto_RG_UKWest1/providers/Microsoft.Network/networkInterfaces/glasto_NI",
            "internal_dns_name_label": "",
            "internal_domain_name_suffix": "sts0wbdtnoqufnef3e4v3r4iaa.cwx.internal.cloudapp.net",
            "ip_configuration": [
              {
                "gateway_load_balancer_frontend_ip_configuration_id": "",
                "name": "internal",
                "primary": true,
                "private_ip_address": "10.0.2.4",
                "private_ip_address_allocation": "Dynamic",
                "private_ip_address_version": "IPv4",
                "public_ip_address_id": "/subscriptions/3ac00602-379c-46d6-afac-a59785a330b2/resourceGroups/glasto_RG_UKWest1/providers/Microsoft.Network/publicIPAddresses/vm_public_IP",
                "subnet_id": "/subscriptions/3ac00602-379c-46d6-afac-a59785a330b2/resourceGroups/glasto_RG_UKWest1/providers/Microsoft.Network/virtualNetworks/glasto_VNET/subnets/glasto_SNET"
              }
            ],
            "location": "ukwest",
            "mac_address": "",
            "name": "glasto_NI",
            "private_ip_address": "10.0.2.4",
            "private_ip_addresses": [
              "10.0.2.4"
            ],
            "resource_group_name": "glasto_RG_UKWest1",
            "tags": null,
            "timeouts": null,
            "virtual_machine_id": ""
          },
          "sensitive_attributes": [],
          "private": "eyJlMmJmYjczMC1lY2FhLTExZTYtOGY4OC0zNDM2M2JjN2M0YzAiOnsiY3JlYXRlIjoxODAwMDAwMDAwMDAwLCJkZWxldGUiOjE4MDAwMDAwMDAwMDAsInJlYWQiOjMwMDAwMDAwMDAwMCwidXBkYXRlIjoxODAwMDAwMDAwMDAwfX0=",
          "dependencies": [
            "azurerm_public_ip.vm_public_IP",
            "azurerm_resource_group.glasto_RG",
            "azurerm_subnet.glasto_SNET",
            "azurerm_virtual_network.glasto_VNET"
          ]
        },
        {
          "index_key": "UKWest2",
          "schema_version": 0,
          "attributes": {
            "applied_dns_servers": [],
            "auxiliary_mode": "",
            "auxiliary_sku": "",
            "dns_servers": [],
            "edge_zone": "",
            "enable_accelerated_networking": false,
            "enable_ip_forwarding": false,
            "id": "/subscriptions/3ac00602-379c-46d6-afac-a59785a330b2/resourceGroups/glasto_RG_UKWest2/providers/Microsoft.Network/networkInterfaces/glasto_NI",
            "internal_dns_name_label": "",
            "internal_domain_name_suffix": "ia3nz3njgmvehcd00vttjif4zf.cwx.internal.cloudapp.net",
            "ip_configuration": [
              {
                "gateway_load_balancer_frontend_ip_configuration_id": "",
                "name": "internal",
                "primary": true,
                "private_ip_address": "10.0.2.4",
                "private_ip_address_allocation": "Dynamic",
                "private_ip_address_version": "IPv4",
                "public_ip_address_id": "/subscriptions/3ac00602-379c-46d6-afac-a59785a330b2/resourceGroups/glasto_RG_UKWest2/providers/Microsoft.Network/publicIPAddresses/vm_public_IP",
                "subnet_id": "/subscriptions/3ac00602-379c-46d6-afac-a59785a330b2/resourceGroups/glasto_RG_UKWest2/providers/Microsoft.Network/virtualNetworks/glasto_VNET/subnets/glasto_SNET"
              }
            ],
            "location": "ukwest",
            "mac_address": "",
            "name": "glasto_NI",
            "private_ip_address": "10.0.2.4",
            "private_ip_addresses": [
              "10.0.2.4"
            ],
            "resource_group_name": "glasto_RG_UKWest2",
            "tags": null,
            "timeouts": null,
            "virtual_machine_id": ""
          },
          "sensitive_attributes": [],
          "private": "eyJlMmJmYjczMC1lY2FhLTExZTYtOGY4OC0zNDM2M2JjN2M0YzAiOnsiY3JlYXRlIjoxODAwMDAwMDAwMDAwLCJkZWxldGUiOjE4MDAwMDAwMDAwMDAsInJlYWQiOjMwMDAwMDAwMDAwMCwidXBkYXRlIjoxODAwMDAwMDAwMDAwfX0=",
          "dependencies": [
            "azurerm_public_ip.vm_public_IP",
            "azurerm_resource_group.glasto_RG",
            "azurerm_subnet.glasto_SNET",
            "azurerm_virtual_network.glasto_VNET"
          ]
        },
        {
          "index_key": "UKWest3",
          "schema_version": 0,
          "attributes": {
            "applied_dns_servers": [],
            "auxiliary_mode": "",
            "auxiliary_sku": "",
            "dns_servers": [],
            "edge_zone": "",
            "enable_accelerated_networking": false,
            "enable_ip_forwarding": false,
            "id": "/subscriptions/3ac00602-379c-46d6-afac-a59785a330b2/resourceGroups/glasto_RG_UKWest3/providers/Microsoft.Network/networkInterfaces/glasto_NI",
            "internal_dns_name_label": "",
            "internal_domain_name_suffix": "jnmjh1o11aiunjd2r0qnxkoblf.cwx.internal.cloudapp.net",
            "ip_configuration": [
              {
                "gateway_load_balancer_frontend_ip_configuration_id": "",
                "name": "internal",
                "primary": true,
                "private_ip_address": "10.0.2.4",
                "private_ip_address_allocation": "Dynamic",
                "private_ip_address_version": "IPv4",
                "public_ip_address_id": "/subscriptions/3ac00602-379c-46d6-afac-a59785a330b2/resourceGroups/glasto_RG_UKWest3/providers/Microsoft.Network/publicIPAddresses/vm_public_IP",
                "subnet_id": "/subscriptions/3ac00602-379c-46d6-afac-a59785a330b2/resourceGroups/glasto_RG_UKWest3/providers/Microsoft.Network/virtualNetworks/glasto_VNET/subnets/glasto_SNET"
              }
            ],
            "location": "ukwest",
            "mac_address": "",
            "name": "glasto_NI",
            "private_ip_address": "10.0.2.4",
            "private_ip_addresses": [
              "10.0.2.4"
            ],
            "resource_group_name": "glasto_RG_UKWest3",
            "tags": null,
            "timeouts": null,
            "virtual_machine_id": ""
          },
          "sensitive_attributes": [],
          "private": "eyJlMmJmYjczMC1lY2FhLTExZTYtOGY4OC0zNDM2M2JjN2M0YzAiOnsiY3JlYXRlIjoxODAwMDAwMDAwMDAwLCJkZWxldGUiOjE4MDAwMDAwMDAwMDAsInJlYWQiOjMwMDAwMDAwMDAwMCwidXBkYXRlIjoxODAwMDAwMDAwMDAwfX0=",
          "dependencies": [
            "azurerm_public_ip.vm_public_IP",
            "azurerm_resource_group.glasto_RG",
            "azurerm_subnet.glasto_SNET",
            "azurerm_virtual_network.glasto_VNET"
          ]
        },
        {
          "index_key": "UKWest4",
          "schema_version": 0,
          "attributes": {
            "applied_dns_servers": [],
            "auxiliary_mode": "",
            "auxiliary_sku": "",
            "dns_servers": [],
            "edge_zone": "",
            "enable_accelerated_networking": false,
            "enable_ip_forwarding": false,
            "id": "/subscriptions/3ac00602-379c-46d6-afac-a59785a330b2/resourceGroups/glasto_RG_UKWest4/providers/Microsoft.Network/networkInterfaces/glasto_NI",
            "internal_dns_name_label": "",
            "internal_domain_name_suffix": "l0hjmu2e1jhubpd4tpywymxpkd.cwx.internal.cloudapp.net",
            "ip_configuration": [
              {
                "gateway_load_balancer_frontend_ip_configuration_id": "",
                "name": "internal",
                "primary": true,
                "private_ip_address": "10.0.2.4",
                "private_ip_address_allocation": "Dynamic",
                "private_ip_address_version": "IPv4",
                "public_ip_address_id": "/subscriptions/3ac00602-379c-46d6-afac-a59785a330b2/resourceGroups/glasto_RG_UKWest4/providers/Microsoft.Network/publicIPAddresses/vm_public_IP",
                "subnet_id": "/subscriptions/3ac00602-379c-46d6-afac-a59785a330b2/resourceGroups/glasto_RG_UKWest4/providers/Microsoft.Network/virtualNetworks/glasto_VNET/subnets/glasto_SNET"
              }
            ],
            "location": "ukwest",
            "mac_address": "",
            "name": "glasto_NI",
            "private_ip_address": "10.0.2.4",
            "private_ip_addresses": [
              "10.0.2.4"
            ],
            "resource_group_name": "glasto_RG_UKWest4",
            "tags": null,
            "timeouts": null,
            "virtual_machine_id": ""
          },
          "sensitive_attributes": [],
          "private": "eyJlMmJmYjczMC1lY2FhLTExZTYtOGY4OC0zNDM2M2JjN2M0YzAiOnsiY3JlYXRlIjoxODAwMDAwMDAwMDAwLCJkZWxldGUiOjE4MDAwMDAwMDAwMDAsInJlYWQiOjMwMDAwMDAwMDAwMCwidXBkYXRlIjoxODAwMDAwMDAwMDAwfX0=",
          "dependencies": [
            "azurerm_public_ip.vm_public_IP",
            "azurerm_resource_group.glasto_RG",
            "azurerm_subnet.glasto_SNET",
            "azurerm_virtual_network.glasto_VNET"
          ]
        }
      ]
    },
    {
      "mode": "managed",
      "type": "azurerm_network_security_group",
      "name": "glasto_SG",
      "provider": "provider[\"registry.terraform.io/hashicorp/azurerm\"]",
      "instances": [
        {
          "index_key": "EUWest1",
          "schema_version": 0,
          "attributes": {
            "id": "/subscriptions/3ac00602-379c-46d6-afac-a59785a330b2/resourceGroups/glasto_RG_EUWest1/providers/Microsoft.Network/networkSecurityGroups/glasto_SG",
            "location": "westeurope",
            "name": "glasto_SG",
            "resource_group_name": "glasto_RG_EUWest1",
            "security_rule": [],
            "tags": null,
            "timeouts": null
          },
          "sensitive_attributes": [],
          "private": "eyJlMmJmYjczMC1lY2FhLTExZTYtOGY4OC0zNDM2M2JjN2M0YzAiOnsiY3JlYXRlIjoxODAwMDAwMDAwMDAwLCJkZWxldGUiOjE4MDAwMDAwMDAwMDAsInJlYWQiOjMwMDAwMDAwMDAwMCwidXBkYXRlIjoxODAwMDAwMDAwMDAwfX0=",
          "dependencies": [
            "azurerm_resource_group.glasto_RG"
          ]
        },
        {
          "index_key": "NorthEurope",
          "schema_version": 0,
          "attributes": {
            "id": "/subscriptions/3ac00602-379c-46d6-afac-a59785a330b2/resourceGroups/glasto_RG_NorthEurope/providers/Microsoft.Network/networkSecurityGroups/glasto_SG",
            "location": "northeurope",
            "name": "glasto_SG",
            "resource_group_name": "glasto_RG_NorthEurope",
            "security_rule": [],
            "tags": null,
            "timeouts": null
          },
          "sensitive_attributes": [],
          "private": "eyJlMmJmYjczMC1lY2FhLTExZTYtOGY4OC0zNDM2M2JjN2M0YzAiOnsiY3JlYXRlIjoxODAwMDAwMDAwMDAwLCJkZWxldGUiOjE4MDAwMDAwMDAwMDAsInJlYWQiOjMwMDAwMDAwMDAwMCwidXBkYXRlIjoxODAwMDAwMDAwMDAwfX0=",
          "dependencies": [
            "azurerm_resource_group.glasto_RG"
          ]
        },
        {
          "index_key": "UKSouth1",
          "schema_version": 0,
          "attributes": {
            "id": "/subscriptions/3ac00602-379c-46d6-afac-a59785a330b2/resourceGroups/glasto_RG_UKSouth1/providers/Microsoft.Network/networkSecurityGroups/glasto_SG",
            "location": "uksouth",
            "name": "glasto_SG",
            "resource_group_name": "glasto_RG_UKSouth1",
            "security_rule": [],
            "tags": null,
            "timeouts": null
          },
          "sensitive_attributes": [],
          "private": "eyJlMmJmYjczMC1lY2FhLTExZTYtOGY4OC0zNDM2M2JjN2M0YzAiOnsiY3JlYXRlIjoxODAwMDAwMDAwMDAwLCJkZWxldGUiOjE4MDAwMDAwMDAwMDAsInJlYWQiOjMwMDAwMDAwMDAwMCwidXBkYXRlIjoxODAwMDAwMDAwMDAwfX0=",
          "dependencies": [
            "azurerm_resource_group.glasto_RG"
          ]
        },
        {
          "index_key": "UKSouth2",
          "schema_version": 0,
          "attributes": {
            "id": "/subscriptions/3ac00602-379c-46d6-afac-a59785a330b2/resourceGroups/glasto_RG_UKSouth2/providers/Microsoft.Network/networkSecurityGroups/glasto_SG",
            "location": "uksouth",
            "name": "glasto_SG",
            "resource_group_name": "glasto_RG_UKSouth2",
            "security_rule": [],
            "tags": null,
            "timeouts": null
          },
          "sensitive_attributes": [],
          "private": "eyJlMmJmYjczMC1lY2FhLTExZTYtOGY4OC0zNDM2M2JjN2M0YzAiOnsiY3JlYXRlIjoxODAwMDAwMDAwMDAwLCJkZWxldGUiOjE4MDAwMDAwMDAwMDAsInJlYWQiOjMwMDAwMDAwMDAwMCwidXBkYXRlIjoxODAwMDAwMDAwMDAwfX0=",
          "dependencies": [
            "azurerm_resource_group.glasto_RG"
          ]
        },
        {
          "index_key": "UKSouth3",
          "schema_version": 0,
          "attributes": {
            "id": "/subscriptions/3ac00602-379c-46d6-afac-a59785a330b2/resourceGroups/glasto_RG_UKSouth3/providers/Microsoft.Network/networkSecurityGroups/glasto_SG",
            "location": "uksouth",
            "name": "glasto_SG",
            "resource_group_name": "glasto_RG_UKSouth3",
            "security_rule": [],
            "tags": null,
            "timeouts": null
          },
          "sensitive_attributes": [],
          "private": "eyJlMmJmYjczMC1lY2FhLTExZTYtOGY4OC0zNDM2M2JjN2M0YzAiOnsiY3JlYXRlIjoxODAwMDAwMDAwMDAwLCJkZWxldGUiOjE4MDAwMDAwMDAwMDAsInJlYWQiOjMwMDAwMDAwMDAwMCwidXBkYXRlIjoxODAwMDAwMDAwMDAwfX0=",
          "dependencies": [
            "azurerm_resource_group.glasto_RG"
          ]
        },
        {
          "index_key": "UKSouth4",
          "schema_version": 0,
          "attributes": {
            "id": "/subscriptions/3ac00602-379c-46d6-afac-a59785a330b2/resourceGroups/glasto_RG_UKSouth4/providers/Microsoft.Network/networkSecurityGroups/glasto_SG",
            "location": "uksouth",
            "name": "glasto_SG",
            "resource_group_name": "glasto_RG_UKSouth4",
            "security_rule": [],
            "tags": null,
            "timeouts": null
          },
          "sensitive_attributes": [],
          "private": "eyJlMmJmYjczMC1lY2FhLTExZTYtOGY4OC0zNDM2M2JjN2M0YzAiOnsiY3JlYXRlIjoxODAwMDAwMDAwMDAwLCJkZWxldGUiOjE4MDAwMDAwMDAwMDAsInJlYWQiOjMwMDAwMDAwMDAwMCwidXBkYXRlIjoxODAwMDAwMDAwMDAwfX0=",
          "dependencies": [
            "azurerm_resource_group.glasto_RG"
          ]
        },
        {
          "index_key": "UKWest1",
          "schema_version": 0,
          "attributes": {
            "id": "/subscriptions/3ac00602-379c-46d6-afac-a59785a330b2/resourceGroups/glasto_RG_UKWest1/providers/Microsoft.Network/networkSecurityGroups/glasto_SG",
            "location": "ukwest",
            "name": "glasto_SG",
            "resource_group_name": "glasto_RG_UKWest1",
            "security_rule": [],
            "tags": null,
            "timeouts": null
          },
          "sensitive_attributes": [],
          "private": "eyJlMmJmYjczMC1lY2FhLTExZTYtOGY4OC0zNDM2M2JjN2M0YzAiOnsiY3JlYXRlIjoxODAwMDAwMDAwMDAwLCJkZWxldGUiOjE4MDAwMDAwMDAwMDAsInJlYWQiOjMwMDAwMDAwMDAwMCwidXBkYXRlIjoxODAwMDAwMDAwMDAwfX0=",
          "dependencies": [
            "azurerm_resource_group.glasto_RG"
          ]
        },
        {
          "index_key": "UKWest2",
          "schema_version": 0,
          "attributes": {
            "id": "/subscriptions/3ac00602-379c-46d6-afac-a59785a330b2/resourceGroups/glasto_RG_UKWest2/providers/Microsoft.Network/networkSecurityGroups/glasto_SG",
            "location": "ukwest",
            "name": "glasto_SG",
            "resource_group_name": "glasto_RG_UKWest2",
            "security_rule": [],
            "tags": null,
            "timeouts": null
          },
          "sensitive_attributes": [],
          "private": "eyJlMmJmYjczMC1lY2FhLTExZTYtOGY4OC0zNDM2M2JjN2M0YzAiOnsiY3JlYXRlIjoxODAwMDAwMDAwMDAwLCJkZWxldGUiOjE4MDAwMDAwMDAwMDAsInJlYWQiOjMwMDAwMDAwMDAwMCwidXBkYXRlIjoxODAwMDAwMDAwMDAwfX0=",
          "dependencies": [
            "azurerm_resource_group.glasto_RG"
          ]
        },
        {
          "index_key": "UKWest3",
          "schema_version": 0,
          "attributes": {
            "id": "/subscriptions/3ac00602-379c-46d6-afac-a59785a330b2/resourceGroups/glasto_RG_UKWest3/providers/Microsoft.Network/networkSecurityGroups/glasto_SG",
            "location": "ukwest",
            "name": "glasto_SG",
            "resource_group_name": "glasto_RG_UKWest3",
            "security_rule": [],
            "tags": null,
            "timeouts": null
          },
          "sensitive_attributes": [],
          "private": "eyJlMmJmYjczMC1lY2FhLTExZTYtOGY4OC0zNDM2M2JjN2M0YzAiOnsiY3JlYXRlIjoxODAwMDAwMDAwMDAwLCJkZWxldGUiOjE4MDAwMDAwMDAwMDAsInJlYWQiOjMwMDAwMDAwMDAwMCwidXBkYXRlIjoxODAwMDAwMDAwMDAwfX0=",
          "dependencies": [
            "azurerm_resource_group.glasto_RG"
          ]
        },
        {
          "index_key": "UKWest4",
          "schema_version": 0,
          "attributes": {
            "id": "/subscriptions/3ac00602-379c-46d6-afac-a59785a330b2/resourceGroups/glasto_RG_UKWest4/providers/Microsoft.Network/networkSecurityGroups/glasto_SG",
            "location": "ukwest",
            "name": "glasto_SG",
            "resource_group_name": "glasto_RG_UKWest4",
            "security_rule": [],
            "tags": null,
            "timeouts": null
          },
          "sensitive_attributes": [],
          "private": "eyJlMmJmYjczMC1lY2FhLTExZTYtOGY4OC0zNDM2M2JjN2M0YzAiOnsiY3JlYXRlIjoxODAwMDAwMDAwMDAwLCJkZWxldGUiOjE4MDAwMDAwMDAwMDAsInJlYWQiOjMwMDAwMDAwMDAwMCwidXBkYXRlIjoxODAwMDAwMDAwMDAwfX0=",
          "dependencies": [
            "azurerm_resource_group.glasto_RG"
          ]
        }
      ]
    },
    {
      "mode": "managed",
      "type": "azurerm_network_security_rule",
      "name": "allow_RDP",
      "provider": "provider[\"registry.terraform.io/hashicorp/azurerm\"]",
      "instances": [
        {
          "index_key": "EUWest1",
          "schema_version": 0,
          "attributes": {
            "access": "Allow",
            "description": "",
            "destination_address_prefix": "*",
            "destination_address_prefixes": null,
            "destination_application_security_group_ids": null,
            "destination_port_range": "3389",
            "destination_port_ranges": null,
            "direction": "Inbound",
            "id": "/subscriptions/3ac00602-379c-46d6-afac-a59785a330b2/resourceGroups/glasto_RG_EUWest1/providers/Microsoft.Network/networkSecurityGroups/glasto_SG/securityRules/allow_RDP",
            "name": "allow_RDP",
            "network_security_group_name": "glasto_SG",
            "priority": 100,
            "protocol": "Tcp",
            "resource_group_name": "glasto_RG_EUWest1",
            "source_address_prefix": "*",
            "source_address_prefixes": null,
            "source_application_security_group_ids": null,
            "source_port_range": "*",
            "source_port_ranges": null,
            "timeouts": null
          },
          "sensitive_attributes": [],
          "private": "eyJlMmJmYjczMC1lY2FhLTExZTYtOGY4OC0zNDM2M2JjN2M0YzAiOnsiY3JlYXRlIjoxODAwMDAwMDAwMDAwLCJkZWxldGUiOjE4MDAwMDAwMDAwMDAsInJlYWQiOjMwMDAwMDAwMDAwMCwidXBkYXRlIjoxODAwMDAwMDAwMDAwfX0=",
          "dependencies": [
            "azurerm_network_security_group.glasto_SG",
            "azurerm_resource_group.glasto_RG"
          ]
        },
        {
          "index_key": "NorthEurope",
          "schema_version": 0,
          "attributes": {
            "access": "Allow",
            "description": "",
            "destination_address_prefix": "*",
            "destination_address_prefixes": null,
            "destination_application_security_group_ids": null,
            "destination_port_range": "3389",
            "destination_port_ranges": null,
            "direction": "Inbound",
            "id": "/subscriptions/3ac00602-379c-46d6-afac-a59785a330b2/resourceGroups/glasto_RG_NorthEurope/providers/Microsoft.Network/networkSecurityGroups/glasto_SG/securityRules/allow_RDP",
            "name": "allow_RDP",
            "network_security_group_name": "glasto_SG",
            "priority": 100,
            "protocol": "Tcp",
            "resource_group_name": "glasto_RG_NorthEurope",
            "source_address_prefix": "*",
            "source_address_prefixes": null,
            "source_application_security_group_ids": null,
            "source_port_range": "*",
            "source_port_ranges": null,
            "timeouts": null
          },
          "sensitive_attributes": [],
          "private": "eyJlMmJmYjczMC1lY2FhLTExZTYtOGY4OC0zNDM2M2JjN2M0YzAiOnsiY3JlYXRlIjoxODAwMDAwMDAwMDAwLCJkZWxldGUiOjE4MDAwMDAwMDAwMDAsInJlYWQiOjMwMDAwMDAwMDAwMCwidXBkYXRlIjoxODAwMDAwMDAwMDAwfX0=",
          "dependencies": [
            "azurerm_network_security_group.glasto_SG",
            "azurerm_resource_group.glasto_RG"
          ]
        },
        {
          "index_key": "UKSouth1",
          "schema_version": 0,
          "attributes": {
            "access": "Allow",
            "description": "",
            "destination_address_prefix": "*",
            "destination_address_prefixes": null,
            "destination_application_security_group_ids": null,
            "destination_port_range": "3389",
            "destination_port_ranges": null,
            "direction": "Inbound",
            "id": "/subscriptions/3ac00602-379c-46d6-afac-a59785a330b2/resourceGroups/glasto_RG_UKSouth1/providers/Microsoft.Network/networkSecurityGroups/glasto_SG/securityRules/allow_RDP",
            "name": "allow_RDP",
            "network_security_group_name": "glasto_SG",
            "priority": 100,
            "protocol": "Tcp",
            "resource_group_name": "glasto_RG_UKSouth1",
            "source_address_prefix": "*",
            "source_address_prefixes": null,
            "source_application_security_group_ids": null,
            "source_port_range": "*",
            "source_port_ranges": null,
            "timeouts": null
          },
          "sensitive_attributes": [],
          "private": "eyJlMmJmYjczMC1lY2FhLTExZTYtOGY4OC0zNDM2M2JjN2M0YzAiOnsiY3JlYXRlIjoxODAwMDAwMDAwMDAwLCJkZWxldGUiOjE4MDAwMDAwMDAwMDAsInJlYWQiOjMwMDAwMDAwMDAwMCwidXBkYXRlIjoxODAwMDAwMDAwMDAwfX0=",
          "dependencies": [
            "azurerm_network_security_group.glasto_SG",
            "azurerm_resource_group.glasto_RG"
          ]
        },
        {
          "index_key": "UKSouth2",
          "schema_version": 0,
          "attributes": {
            "access": "Allow",
            "description": "",
            "destination_address_prefix": "*",
            "destination_address_prefixes": null,
            "destination_application_security_group_ids": null,
            "destination_port_range": "3389",
            "destination_port_ranges": null,
            "direction": "Inbound",
            "id": "/subscriptions/3ac00602-379c-46d6-afac-a59785a330b2/resourceGroups/glasto_RG_UKSouth2/providers/Microsoft.Network/networkSecurityGroups/glasto_SG/securityRules/allow_RDP",
            "name": "allow_RDP",
            "network_security_group_name": "glasto_SG",
            "priority": 100,
            "protocol": "Tcp",
            "resource_group_name": "glasto_RG_UKSouth2",
            "source_address_prefix": "*",
            "source_address_prefixes": null,
            "source_application_security_group_ids": null,
            "source_port_range": "*",
            "source_port_ranges": null,
            "timeouts": null
          },
          "sensitive_attributes": [],
          "private": "eyJlMmJmYjczMC1lY2FhLTExZTYtOGY4OC0zNDM2M2JjN2M0YzAiOnsiY3JlYXRlIjoxODAwMDAwMDAwMDAwLCJkZWxldGUiOjE4MDAwMDAwMDAwMDAsInJlYWQiOjMwMDAwMDAwMDAwMCwidXBkYXRlIjoxODAwMDAwMDAwMDAwfX0=",
          "dependencies": [
            "azurerm_network_security_group.glasto_SG",
            "azurerm_resource_group.glasto_RG"
          ]
        },
        {
          "index_key": "UKSouth3",
          "schema_version": 0,
          "attributes": {
            "access": "Allow",
            "description": "",
            "destination_address_prefix": "*",
            "destination_address_prefixes": null,
            "destination_application_security_group_ids": null,
            "destination_port_range": "3389",
            "destination_port_ranges": null,
            "direction": "Inbound",
            "id": "/subscriptions/3ac00602-379c-46d6-afac-a59785a330b2/resourceGroups/glasto_RG_UKSouth3/providers/Microsoft.Network/networkSecurityGroups/glasto_SG/securityRules/allow_RDP",
            "name": "allow_RDP",
            "network_security_group_name": "glasto_SG",
            "priority": 100,
            "protocol": "Tcp",
            "resource_group_name": "glasto_RG_UKSouth3",
            "source_address_prefix": "*",
            "source_address_prefixes": null,
            "source_application_security_group_ids": null,
            "source_port_range": "*",
            "source_port_ranges": null,
            "timeouts": null
          },
          "sensitive_attributes": [],
          "private": "eyJlMmJmYjczMC1lY2FhLTExZTYtOGY4OC0zNDM2M2JjN2M0YzAiOnsiY3JlYXRlIjoxODAwMDAwMDAwMDAwLCJkZWxldGUiOjE4MDAwMDAwMDAwMDAsInJlYWQiOjMwMDAwMDAwMDAwMCwidXBkYXRlIjoxODAwMDAwMDAwMDAwfX0=",
          "dependencies": [
            "azurerm_network_security_group.glasto_SG",
            "azurerm_resource_group.glasto_RG"
          ]
        },
        {
          "index_key": "UKSouth4",
          "schema_version": 0,
          "attributes": {
            "access": "Allow",
            "description": "",
            "destination_address_prefix": "*",
            "destination_address_prefixes": null,
            "destination_application_security_group_ids": null,
            "destination_port_range": "3389",
            "destination_port_ranges": null,
            "direction": "Inbound",
            "id": "/subscriptions/3ac00602-379c-46d6-afac-a59785a330b2/resourceGroups/glasto_RG_UKSouth4/providers/Microsoft.Network/networkSecurityGroups/glasto_SG/securityRules/allow_RDP",
            "name": "allow_RDP",
            "network_security_group_name": "glasto_SG",
            "priority": 100,
            "protocol": "Tcp",
            "resource_group_name": "glasto_RG_UKSouth4",
            "source_address_prefix": "*",
            "source_address_prefixes": null,
            "source_application_security_group_ids": null,
            "source_port_range": "*",
            "source_port_ranges": null,
            "timeouts": null
          },
          "sensitive_attributes": [],
          "private": "eyJlMmJmYjczMC1lY2FhLTExZTYtOGY4OC0zNDM2M2JjN2M0YzAiOnsiY3JlYXRlIjoxODAwMDAwMDAwMDAwLCJkZWxldGUiOjE4MDAwMDAwMDAwMDAsInJlYWQiOjMwMDAwMDAwMDAwMCwidXBkYXRlIjoxODAwMDAwMDAwMDAwfX0=",
          "dependencies": [
            "azurerm_network_security_group.glasto_SG",
            "azurerm_resource_group.glasto_RG"
          ]
        },
        {
          "index_key": "UKWest1",
          "schema_version": 0,
          "attributes": {
            "access": "Allow",
            "description": "",
            "destination_address_prefix": "*",
            "destination_address_prefixes": null,
            "destination_application_security_group_ids": null,
            "destination_port_range": "3389",
            "destination_port_ranges": null,
            "direction": "Inbound",
            "id": "/subscriptions/3ac00602-379c-46d6-afac-a59785a330b2/resourceGroups/glasto_RG_UKWest1/providers/Microsoft.Network/networkSecurityGroups/glasto_SG/securityRules/allow_RDP",
            "name": "allow_RDP",
            "network_security_group_name": "glasto_SG",
            "priority": 100,
            "protocol": "Tcp",
            "resource_group_name": "glasto_RG_UKWest1",
            "source_address_prefix": "*",
            "source_address_prefixes": null,
            "source_application_security_group_ids": null,
            "source_port_range": "*",
            "source_port_ranges": null,
            "timeouts": null
          },
          "sensitive_attributes": [],
          "private": "eyJlMmJmYjczMC1lY2FhLTExZTYtOGY4OC0zNDM2M2JjN2M0YzAiOnsiY3JlYXRlIjoxODAwMDAwMDAwMDAwLCJkZWxldGUiOjE4MDAwMDAwMDAwMDAsInJlYWQiOjMwMDAwMDAwMDAwMCwidXBkYXRlIjoxODAwMDAwMDAwMDAwfX0=",
          "dependencies": [
            "azurerm_network_security_group.glasto_SG",
            "azurerm_resource_group.glasto_RG"
          ]
        },
        {
          "index_key": "UKWest2",
          "schema_version": 0,
          "attributes": {
            "access": "Allow",
            "description": "",
            "destination_address_prefix": "*",
            "destination_address_prefixes": null,
            "destination_application_security_group_ids": null,
            "destination_port_range": "3389",
            "destination_port_ranges": null,
            "direction": "Inbound",
            "id": "/subscriptions/3ac00602-379c-46d6-afac-a59785a330b2/resourceGroups/glasto_RG_UKWest2/providers/Microsoft.Network/networkSecurityGroups/glasto_SG/securityRules/allow_RDP",
            "name": "allow_RDP",
            "network_security_group_name": "glasto_SG",
            "priority": 100,
            "protocol": "Tcp",
            "resource_group_name": "glasto_RG_UKWest2",
            "source_address_prefix": "*",
            "source_address_prefixes": null,
            "source_application_security_group_ids": null,
            "source_port_range": "*",
            "source_port_ranges": null,
            "timeouts": null
          },
          "sensitive_attributes": [],
          "private": "eyJlMmJmYjczMC1lY2FhLTExZTYtOGY4OC0zNDM2M2JjN2M0YzAiOnsiY3JlYXRlIjoxODAwMDAwMDAwMDAwLCJkZWxldGUiOjE4MDAwMDAwMDAwMDAsInJlYWQiOjMwMDAwMDAwMDAwMCwidXBkYXRlIjoxODAwMDAwMDAwMDAwfX0=",
          "dependencies": [
            "azurerm_network_security_group.glasto_SG",
            "azurerm_resource_group.glasto_RG"
          ]
        },
        {
          "index_key": "UKWest3",
          "schema_version": 0,
          "attributes": {
            "access": "Allow",
            "description": "",
            "destination_address_prefix": "*",
            "destination_address_prefixes": null,
            "destination_application_security_group_ids": null,
            "destination_port_range": "3389",
            "destination_port_ranges": null,
            "direction": "Inbound",
            "id": "/subscriptions/3ac00602-379c-46d6-afac-a59785a330b2/resourceGroups/glasto_RG_UKWest3/providers/Microsoft.Network/networkSecurityGroups/glasto_SG/securityRules/allow_RDP",
            "name": "allow_RDP",
            "network_security_group_name": "glasto_SG",
            "priority": 100,
            "protocol": "Tcp",
            "resource_group_name": "glasto_RG_UKWest3",
            "source_address_prefix": "*",
            "source_address_prefixes": null,
            "source_application_security_group_ids": null,
            "source_port_range": "*",
            "source_port_ranges": null,
            "timeouts": null
          },
          "sensitive_attributes": [],
          "private": "eyJlMmJmYjczMC1lY2FhLTExZTYtOGY4OC0zNDM2M2JjN2M0YzAiOnsiY3JlYXRlIjoxODAwMDAwMDAwMDAwLCJkZWxldGUiOjE4MDAwMDAwMDAwMDAsInJlYWQiOjMwMDAwMDAwMDAwMCwidXBkYXRlIjoxODAwMDAwMDAwMDAwfX0=",
          "dependencies": [
            "azurerm_network_security_group.glasto_SG",
            "azurerm_resource_group.glasto_RG"
          ]
        },
        {
          "index_key": "UKWest4",
          "schema_version": 0,
          "attributes": {
            "access": "Allow",
            "description": "",
            "destination_address_prefix": "*",
            "destination_address_prefixes": null,
            "destination_application_security_group_ids": null,
            "destination_port_range": "3389",
            "destination_port_ranges": null,
            "direction": "Inbound",
            "id": "/subscriptions/3ac00602-379c-46d6-afac-a59785a330b2/resourceGroups/glasto_RG_UKWest4/providers/Microsoft.Network/networkSecurityGroups/glasto_SG/securityRules/allow_RDP",
            "name": "allow_RDP",
            "network_security_group_name": "glasto_SG",
            "priority": 100,
            "protocol": "Tcp",
            "resource_group_name": "glasto_RG_UKWest4",
            "source_address_prefix": "*",
            "source_address_prefixes": null,
            "source_application_security_group_ids": null,
            "source_port_range": "*",
            "source_port_ranges": null,
            "timeouts": null
          },
          "sensitive_attributes": [],
          "private": "eyJlMmJmYjczMC1lY2FhLTExZTYtOGY4OC0zNDM2M2JjN2M0YzAiOnsiY3JlYXRlIjoxODAwMDAwMDAwMDAwLCJkZWxldGUiOjE4MDAwMDAwMDAwMDAsInJlYWQiOjMwMDAwMDAwMDAwMCwidXBkYXRlIjoxODAwMDAwMDAwMDAwfX0=",
          "dependencies": [
            "azurerm_network_security_group.glasto_SG",
            "azurerm_resource_group.glasto_RG"
          ]
        }
      ]
    },
    {
      "mode": "managed",
      "type": "azurerm_public_ip",
      "name": "vm_public_IP",
      "provider": "provider[\"registry.terraform.io/hashicorp/azurerm\"]",
      "instances": [
        {
          "index_key": "EUWest1",
          "schema_version": 0,
          "attributes": {
            "allocation_method": "Dynamic",
            "ddos_protection_mode": "VirtualNetworkInherited",
            "ddos_protection_plan_id": null,
            "domain_name_label": null,
            "edge_zone": "",
            "fqdn": null,
            "id": "/subscriptions/3ac00602-379c-46d6-afac-a59785a330b2/resourceGroups/glasto_RG_EUWest1/providers/Microsoft.Network/publicIPAddresses/vm_public_IP",
            "idle_timeout_in_minutes": 4,
            "ip_address": "",
            "ip_tags": null,
            "ip_version": "IPv4",
            "location": "westeurope",
            "name": "vm_public_IP",
            "public_ip_prefix_id": null,
            "resource_group_name": "glasto_RG_EUWest1",
            "reverse_fqdn": null,
            "sku": "Basic",
            "sku_tier": "Regional",
            "tags": null,
            "timeouts": null,
            "zones": null
          },
          "sensitive_attributes": [],
          "private": "eyJlMmJmYjczMC1lY2FhLTExZTYtOGY4OC0zNDM2M2JjN2M0YzAiOnsiY3JlYXRlIjoxODAwMDAwMDAwMDAwLCJkZWxldGUiOjE4MDAwMDAwMDAwMDAsInJlYWQiOjMwMDAwMDAwMDAwMCwidXBkYXRlIjoxODAwMDAwMDAwMDAwfX0=",
          "dependencies": [
            "azurerm_resource_group.glasto_RG"
          ]
        },
        {
          "index_key": "NorthEurope",
          "schema_version": 0,
          "attributes": {
            "allocation_method": "Dynamic",
            "ddos_protection_mode": "VirtualNetworkInherited",
            "ddos_protection_plan_id": null,
            "domain_name_label": null,
            "edge_zone": "",
            "fqdn": null,
            "id": "/subscriptions/3ac00602-379c-46d6-afac-a59785a330b2/resourceGroups/glasto_RG_NorthEurope/providers/Microsoft.Network/publicIPAddresses/vm_public_IP",
            "idle_timeout_in_minutes": 4,
            "ip_address": "",
            "ip_tags": null,
            "ip_version": "IPv4",
            "location": "northeurope",
            "name": "vm_public_IP",
            "public_ip_prefix_id": null,
            "resource_group_name": "glasto_RG_NorthEurope",
            "reverse_fqdn": null,
            "sku": "Basic",
            "sku_tier": "Regional",
            "tags": null,
            "timeouts": null,
            "zones": null
          },
          "sensitive_attributes": [],
          "private": "eyJlMmJmYjczMC1lY2FhLTExZTYtOGY4OC0zNDM2M2JjN2M0YzAiOnsiY3JlYXRlIjoxODAwMDAwMDAwMDAwLCJkZWxldGUiOjE4MDAwMDAwMDAwMDAsInJlYWQiOjMwMDAwMDAwMDAwMCwidXBkYXRlIjoxODAwMDAwMDAwMDAwfX0=",
          "dependencies": [
            "azurerm_resource_group.glasto_RG"
          ]
        },
        {
          "index_key": "UKSouth1",
          "schema_version": 0,
          "attributes": {
            "allocation_method": "Dynamic",
            "ddos_protection_mode": "VirtualNetworkInherited",
            "ddos_protection_plan_id": null,
            "domain_name_label": null,
            "edge_zone": "",
            "fqdn": null,
            "id": "/subscriptions/3ac00602-379c-46d6-afac-a59785a330b2/resourceGroups/glasto_RG_UKSouth1/providers/Microsoft.Network/publicIPAddresses/vm_public_IP",
            "idle_timeout_in_minutes": 4,
            "ip_address": "",
            "ip_tags": null,
            "ip_version": "IPv4",
            "location": "uksouth",
            "name": "vm_public_IP",
            "public_ip_prefix_id": null,
            "resource_group_name": "glasto_RG_UKSouth1",
            "reverse_fqdn": null,
            "sku": "Basic",
            "sku_tier": "Regional",
            "tags": null,
            "timeouts": null,
            "zones": null
          },
          "sensitive_attributes": [],
          "private": "eyJlMmJmYjczMC1lY2FhLTExZTYtOGY4OC0zNDM2M2JjN2M0YzAiOnsiY3JlYXRlIjoxODAwMDAwMDAwMDAwLCJkZWxldGUiOjE4MDAwMDAwMDAwMDAsInJlYWQiOjMwMDAwMDAwMDAwMCwidXBkYXRlIjoxODAwMDAwMDAwMDAwfX0=",
          "dependencies": [
            "azurerm_resource_group.glasto_RG"
          ]
        },
        {
          "index_key": "UKSouth2",
          "schema_version": 0,
          "attributes": {
            "allocation_method": "Dynamic",
            "ddos_protection_mode": "VirtualNetworkInherited",
            "ddos_protection_plan_id": null,
            "domain_name_label": null,
            "edge_zone": "",
            "fqdn": null,
            "id": "/subscriptions/3ac00602-379c-46d6-afac-a59785a330b2/resourceGroups/glasto_RG_UKSouth2/providers/Microsoft.Network/publicIPAddresses/vm_public_IP",
            "idle_timeout_in_minutes": 4,
            "ip_address": "",
            "ip_tags": null,
            "ip_version": "IPv4",
            "location": "uksouth",
            "name": "vm_public_IP",
            "public_ip_prefix_id": null,
            "resource_group_name": "glasto_RG_UKSouth2",
            "reverse_fqdn": null,
            "sku": "Basic",
            "sku_tier": "Regional",
            "tags": null,
            "timeouts": null,
            "zones": null
          },
          "sensitive_attributes": [],
          "private": "eyJlMmJmYjczMC1lY2FhLTExZTYtOGY4OC0zNDM2M2JjN2M0YzAiOnsiY3JlYXRlIjoxODAwMDAwMDAwMDAwLCJkZWxldGUiOjE4MDAwMDAwMDAwMDAsInJlYWQiOjMwMDAwMDAwMDAwMCwidXBkYXRlIjoxODAwMDAwMDAwMDAwfX0=",
          "dependencies": [
            "azurerm_resource_group.glasto_RG"
          ]
        },
        {
          "index_key": "UKSouth3",
          "schema_version": 0,
          "attributes": {
            "allocation_method": "Dynamic",
            "ddos_protection_mode": "VirtualNetworkInherited",
            "ddos_protection_plan_id": null,
            "domain_name_label": null,
            "edge_zone": "",
            "fqdn": null,
            "id": "/subscriptions/3ac00602-379c-46d6-afac-a59785a330b2/resourceGroups/glasto_RG_UKSouth3/providers/Microsoft.Network/publicIPAddresses/vm_public_IP",
            "idle_timeout_in_minutes": 4,
            "ip_address": "",
            "ip_tags": null,
            "ip_version": "IPv4",
            "location": "uksouth",
            "name": "vm_public_IP",
            "public_ip_prefix_id": null,
            "resource_group_name": "glasto_RG_UKSouth3",
            "reverse_fqdn": null,
            "sku": "Basic",
            "sku_tier": "Regional",
            "tags": null,
            "timeouts": null,
            "zones": null
          },
          "sensitive_attributes": [],
          "private": "eyJlMmJmYjczMC1lY2FhLTExZTYtOGY4OC0zNDM2M2JjN2M0YzAiOnsiY3JlYXRlIjoxODAwMDAwMDAwMDAwLCJkZWxldGUiOjE4MDAwMDAwMDAwMDAsInJlYWQiOjMwMDAwMDAwMDAwMCwidXBkYXRlIjoxODAwMDAwMDAwMDAwfX0=",
          "dependencies": [
            "azurerm_resource_group.glasto_RG"
          ]
        },
        {
          "index_key": "UKSouth4",
          "schema_version": 0,
          "attributes": {
            "allocation_method": "Dynamic",
            "ddos_protection_mode": "VirtualNetworkInherited",
            "ddos_protection_plan_id": null,
            "domain_name_label": null,
            "edge_zone": "",
            "fqdn": null,
            "id": "/subscriptions/3ac00602-379c-46d6-afac-a59785a330b2/resourceGroups/glasto_RG_UKSouth4/providers/Microsoft.Network/publicIPAddresses/vm_public_IP",
            "idle_timeout_in_minutes": 4,
            "ip_address": "",
            "ip_tags": null,
            "ip_version": "IPv4",
            "location": "uksouth",
            "name": "vm_public_IP",
            "public_ip_prefix_id": null,
            "resource_group_name": "glasto_RG_UKSouth4",
            "reverse_fqdn": null,
            "sku": "Basic",
            "sku_tier": "Regional",
            "tags": null,
            "timeouts": null,
            "zones": null
          },
          "sensitive_attributes": [],
          "private": "eyJlMmJmYjczMC1lY2FhLTExZTYtOGY4OC0zNDM2M2JjN2M0YzAiOnsiY3JlYXRlIjoxODAwMDAwMDAwMDAwLCJkZWxldGUiOjE4MDAwMDAwMDAwMDAsInJlYWQiOjMwMDAwMDAwMDAwMCwidXBkYXRlIjoxODAwMDAwMDAwMDAwfX0=",
          "dependencies": [
            "azurerm_resource_group.glasto_RG"
          ]
        },
        {
          "index_key": "UKWest1",
          "schema_version": 0,
          "attributes": {
            "allocation_method": "Dynamic",
            "ddos_protection_mode": "VirtualNetworkInherited",
            "ddos_protection_plan_id": null,
            "domain_name_label": null,
            "edge_zone": "",
            "fqdn": null,
            "id": "/subscriptions/3ac00602-379c-46d6-afac-a59785a330b2/resourceGroups/glasto_RG_UKWest1/providers/Microsoft.Network/publicIPAddresses/vm_public_IP",
            "idle_timeout_in_minutes": 4,
            "ip_address": "",
            "ip_tags": null,
            "ip_version": "IPv4",
            "location": "ukwest",
            "name": "vm_public_IP",
            "public_ip_prefix_id": null,
            "resource_group_name": "glasto_RG_UKWest1",
            "reverse_fqdn": null,
            "sku": "Basic",
            "sku_tier": "Regional",
            "tags": null,
            "timeouts": null,
            "zones": null
          },
          "sensitive_attributes": [],
          "private": "eyJlMmJmYjczMC1lY2FhLTExZTYtOGY4OC0zNDM2M2JjN2M0YzAiOnsiY3JlYXRlIjoxODAwMDAwMDAwMDAwLCJkZWxldGUiOjE4MDAwMDAwMDAwMDAsInJlYWQiOjMwMDAwMDAwMDAwMCwidXBkYXRlIjoxODAwMDAwMDAwMDAwfX0=",
          "dependencies": [
            "azurerm_resource_group.glasto_RG"
          ]
        },
        {
          "index_key": "UKWest2",
          "schema_version": 0,
          "attributes": {
            "allocation_method": "Dynamic",
            "ddos_protection_mode": "VirtualNetworkInherited",
            "ddos_protection_plan_id": null,
            "domain_name_label": null,
            "edge_zone": "",
            "fqdn": null,
            "id": "/subscriptions/3ac00602-379c-46d6-afac-a59785a330b2/resourceGroups/glasto_RG_UKWest2/providers/Microsoft.Network/publicIPAddresses/vm_public_IP",
            "idle_timeout_in_minutes": 4,
            "ip_address": "",
            "ip_tags": null,
            "ip_version": "IPv4",
            "location": "ukwest",
            "name": "vm_public_IP",
            "public_ip_prefix_id": null,
            "resource_group_name": "glasto_RG_UKWest2",
            "reverse_fqdn": null,
            "sku": "Basic",
            "sku_tier": "Regional",
            "tags": null,
            "timeouts": null,
            "zones": null
          },
          "sensitive_attributes": [],
          "private": "eyJlMmJmYjczMC1lY2FhLTExZTYtOGY4OC0zNDM2M2JjN2M0YzAiOnsiY3JlYXRlIjoxODAwMDAwMDAwMDAwLCJkZWxldGUiOjE4MDAwMDAwMDAwMDAsInJlYWQiOjMwMDAwMDAwMDAwMCwidXBkYXRlIjoxODAwMDAwMDAwMDAwfX0=",
          "dependencies": [
            "azurerm_resource_group.glasto_RG"
          ]
        },
        {
          "index_key": "UKWest3",
          "schema_version": 0,
          "attributes": {
            "allocation_method": "Dynamic",
            "ddos_protection_mode": "VirtualNetworkInherited",
            "ddos_protection_plan_id": null,
            "domain_name_label": null,
            "edge_zone": "",
            "fqdn": null,
            "id": "/subscriptions/3ac00602-379c-46d6-afac-a59785a330b2/resourceGroups/glasto_RG_UKWest3/providers/Microsoft.Network/publicIPAddresses/vm_public_IP",
            "idle_timeout_in_minutes": 4,
            "ip_address": "",
            "ip_tags": null,
            "ip_version": "IPv4",
            "location": "ukwest",
            "name": "vm_public_IP",
            "public_ip_prefix_id": null,
            "resource_group_name": "glasto_RG_UKWest3",
            "reverse_fqdn": null,
            "sku": "Basic",
            "sku_tier": "Regional",
            "tags": null,
            "timeouts": null,
            "zones": null
          },
          "sensitive_attributes": [],
          "private": "eyJlMmJmYjczMC1lY2FhLTExZTYtOGY4OC0zNDM2M2JjN2M0YzAiOnsiY3JlYXRlIjoxODAwMDAwMDAwMDAwLCJkZWxldGUiOjE4MDAwMDAwMDAwMDAsInJlYWQiOjMwMDAwMDAwMDAwMCwidXBkYXRlIjoxODAwMDAwMDAwMDAwfX0=",
          "dependencies": [
            "azurerm_resource_group.glasto_RG"
          ]
        },
        {
          "index_key": "UKWest4",
          "schema_version": 0,
          "attributes": {
            "allocation_method": "Dynamic",
            "ddos_protection_mode": "VirtualNetworkInherited",
            "ddos_protection_plan_id": null,
            "domain_name_label": null,
            "edge_zone": "",
            "fqdn": null,
            "id": "/subscriptions/3ac00602-379c-46d6-afac-a59785a330b2/resourceGroups/glasto_RG_UKWest4/providers/Microsoft.Network/publicIPAddresses/vm_public_IP",
            "idle_timeout_in_minutes": 4,
            "ip_address": "",
            "ip_tags": null,
            "ip_version": "IPv4",
            "location": "ukwest",
            "name": "vm_public_IP",
            "public_ip_prefix_id": null,
            "resource_group_name": "glasto_RG_UKWest4",
            "reverse_fqdn": null,
            "sku": "Basic",
            "sku_tier": "Regional",
            "tags": null,
            "timeouts": null,
            "zones": null
          },
          "sensitive_attributes": [],
          "private": "eyJlMmJmYjczMC1lY2FhLTExZTYtOGY4OC0zNDM2M2JjN2M0YzAiOnsiY3JlYXRlIjoxODAwMDAwMDAwMDAwLCJkZWxldGUiOjE4MDAwMDAwMDAwMDAsInJlYWQiOjMwMDAwMDAwMDAwMCwidXBkYXRlIjoxODAwMDAwMDAwMDAwfX0=",
          "dependencies": [
            "azurerm_resource_group.glasto_RG"
          ]
        }
      ]
    },
    {
      "mode": "managed",
      "type": "azurerm_resource_group",
      "name": "glasto_RG",
      "provider": "provider[\"registry.terraform.io/hashicorp/azurerm\"]",
      "instances": [
        {
          "index_key": "EUWest1",
          "schema_version": 0,
          "attributes": {
            "id": "/subscriptions/3ac00602-379c-46d6-afac-a59785a330b2/resourceGroups/glasto_RG_EUWest1",
            "location": "westeurope",
            "managed_by": "",
            "name": "glasto_RG_EUWest1",
            "tags": null,
            "timeouts": null
          },
          "sensitive_attributes": [],
          "private": "eyJlMmJmYjczMC1lY2FhLTExZTYtOGY4OC0zNDM2M2JjN2M0YzAiOnsiY3JlYXRlIjo1NDAwMDAwMDAwMDAwLCJkZWxldGUiOjU0MDAwMDAwMDAwMDAsInJlYWQiOjMwMDAwMDAwMDAwMCwidXBkYXRlIjo1NDAwMDAwMDAwMDAwfX0="
        },
        {
          "index_key": "NorthEurope",
          "schema_version": 0,
          "attributes": {
            "id": "/subscriptions/3ac00602-379c-46d6-afac-a59785a330b2/resourceGroups/glasto_RG_NorthEurope",
            "location": "northeurope",
            "managed_by": "",
            "name": "glasto_RG_NorthEurope",
            "tags": null,
            "timeouts": null
          },
          "sensitive_attributes": [],
          "private": "eyJlMmJmYjczMC1lY2FhLTExZTYtOGY4OC0zNDM2M2JjN2M0YzAiOnsiY3JlYXRlIjo1NDAwMDAwMDAwMDAwLCJkZWxldGUiOjU0MDAwMDAwMDAwMDAsInJlYWQiOjMwMDAwMDAwMDAwMCwidXBkYXRlIjo1NDAwMDAwMDAwMDAwfX0="
        },
        {
          "index_key": "UKSouth1",
          "schema_version": 0,
          "attributes": {
            "id": "/subscriptions/3ac00602-379c-46d6-afac-a59785a330b2/resourceGroups/glasto_RG_UKSouth1",
            "location": "uksouth",
            "managed_by": "",
            "name": "glasto_RG_UKSouth1",
            "tags": null,
            "timeouts": null
          },
          "sensitive_attributes": [],
          "private": "eyJlMmJmYjczMC1lY2FhLTExZTYtOGY4OC0zNDM2M2JjN2M0YzAiOnsiY3JlYXRlIjo1NDAwMDAwMDAwMDAwLCJkZWxldGUiOjU0MDAwMDAwMDAwMDAsInJlYWQiOjMwMDAwMDAwMDAwMCwidXBkYXRlIjo1NDAwMDAwMDAwMDAwfX0="
        },
        {
          "index_key": "UKSouth2",
          "schema_version": 0,
          "attributes": {
            "id": "/subscriptions/3ac00602-379c-46d6-afac-a59785a330b2/resourceGroups/glasto_RG_UKSouth2",
            "location": "uksouth",
            "managed_by": "",
            "name": "glasto_RG_UKSouth2",
            "tags": null,
            "timeouts": null
          },
          "sensitive_attributes": [],
          "private": "eyJlMmJmYjczMC1lY2FhLTExZTYtOGY4OC0zNDM2M2JjN2M0YzAiOnsiY3JlYXRlIjo1NDAwMDAwMDAwMDAwLCJkZWxldGUiOjU0MDAwMDAwMDAwMDAsInJlYWQiOjMwMDAwMDAwMDAwMCwidXBkYXRlIjo1NDAwMDAwMDAwMDAwfX0="
        },
        {
          "index_key": "UKSouth3",
          "schema_version": 0,
          "attributes": {
            "id": "/subscriptions/3ac00602-379c-46d6-afac-a59785a330b2/resourceGroups/glasto_RG_UKSouth3",
            "location": "uksouth",
            "managed_by": "",
            "name": "glasto_RG_UKSouth3",
            "tags": null,
            "timeouts": null
          },
          "sensitive_attributes": [],
          "private": "eyJlMmJmYjczMC1lY2FhLTExZTYtOGY4OC0zNDM2M2JjN2M0YzAiOnsiY3JlYXRlIjo1NDAwMDAwMDAwMDAwLCJkZWxldGUiOjU0MDAwMDAwMDAwMDAsInJlYWQiOjMwMDAwMDAwMDAwMCwidXBkYXRlIjo1NDAwMDAwMDAwMDAwfX0="
        },
        {
          "index_key": "UKSouth4",
          "schema_version": 0,
          "attributes": {
            "id": "/subscriptions/3ac00602-379c-46d6-afac-a59785a330b2/resourceGroups/glasto_RG_UKSouth4",
            "location": "uksouth",
            "managed_by": "",
            "name": "glasto_RG_UKSouth4",
            "tags": null,
            "timeouts": null
          },
          "sensitive_attributes": [],
          "private": "eyJlMmJmYjczMC1lY2FhLTExZTYtOGY4OC0zNDM2M2JjN2M0YzAiOnsiY3JlYXRlIjo1NDAwMDAwMDAwMDAwLCJkZWxldGUiOjU0MDAwMDAwMDAwMDAsInJlYWQiOjMwMDAwMDAwMDAwMCwidXBkYXRlIjo1NDAwMDAwMDAwMDAwfX0="
        },
        {
          "index_key": "UKWest1",
          "schema_version": 0,
          "attributes": {
            "id": "/subscriptions/3ac00602-379c-46d6-afac-a59785a330b2/resourceGroups/glasto_RG_UKWest1",
            "location": "ukwest",
            "managed_by": "",
            "name": "glasto_RG_UKWest1",
            "tags": null,
            "timeouts": null
          },
          "sensitive_attributes": [],
          "private": "eyJlMmJmYjczMC1lY2FhLTExZTYtOGY4OC0zNDM2M2JjN2M0YzAiOnsiY3JlYXRlIjo1NDAwMDAwMDAwMDAwLCJkZWxldGUiOjU0MDAwMDAwMDAwMDAsInJlYWQiOjMwMDAwMDAwMDAwMCwidXBkYXRlIjo1NDAwMDAwMDAwMDAwfX0="
        },
        {
          "index_key": "UKWest2",
          "schema_version": 0,
          "attributes": {
            "id": "/subscriptions/3ac00602-379c-46d6-afac-a59785a330b2/resourceGroups/glasto_RG_UKWest2",
            "location": "ukwest",
            "managed_by": "",
            "name": "glasto_RG_UKWest2",
            "tags": null,
            "timeouts": null
          },
          "sensitive_attributes": [],
          "private": "eyJlMmJmYjczMC1lY2FhLTExZTYtOGY4OC0zNDM2M2JjN2M0YzAiOnsiY3JlYXRlIjo1NDAwMDAwMDAwMDAwLCJkZWxldGUiOjU0MDAwMDAwMDAwMDAsInJlYWQiOjMwMDAwMDAwMDAwMCwidXBkYXRlIjo1NDAwMDAwMDAwMDAwfX0="
        },
        {
          "index_key": "UKWest3",
          "schema_version": 0,
          "attributes": {
            "id": "/subscriptions/3ac00602-379c-46d6-afac-a59785a330b2/resourceGroups/glasto_RG_UKWest3",
            "location": "ukwest",
            "managed_by": "",
            "name": "glasto_RG_UKWest3",
            "tags": null,
            "timeouts": null
          },
          "sensitive_attributes": [],
          "private": "eyJlMmJmYjczMC1lY2FhLTExZTYtOGY4OC0zNDM2M2JjN2M0YzAiOnsiY3JlYXRlIjo1NDAwMDAwMDAwMDAwLCJkZWxldGUiOjU0MDAwMDAwMDAwMDAsInJlYWQiOjMwMDAwMDAwMDAwMCwidXBkYXRlIjo1NDAwMDAwMDAwMDAwfX0="
        },
        {
          "index_key": "UKWest4",
          "schema_version": 0,
          "attributes": {
            "id": "/subscriptions/3ac00602-379c-46d6-afac-a59785a330b2/resourceGroups/glasto_RG_UKWest4",
            "location": "ukwest",
            "managed_by": "",
            "name": "glasto_RG_UKWest4",
            "tags": null,
            "timeouts": null
          },
          "sensitive_attributes": [],
          "private": "eyJlMmJmYjczMC1lY2FhLTExZTYtOGY4OC0zNDM2M2JjN2M0YzAiOnsiY3JlYXRlIjo1NDAwMDAwMDAwMDAwLCJkZWxldGUiOjU0MDAwMDAwMDAwMDAsInJlYWQiOjMwMDAwMDAwMDAwMCwidXBkYXRlIjo1NDAwMDAwMDAwMDAwfX0="
        }
      ]
    },
    {
      "mode": "managed",
      "type": "azurerm_subnet",
      "name": "glasto_SNET",
      "provider": "provider[\"registry.terraform.io/hashicorp/azurerm\"]",
      "instances": [
        {
          "index_key": "EUWest1",
          "schema_version": 0,
          "attributes": {
            "address_prefixes": [
              "10.0.2.0/24"
            ],
            "delegation": [],
            "enforce_private_link_endpoint_network_policies": false,
            "enforce_private_link_service_network_policies": false,
            "id": "/subscriptions/3ac00602-379c-46d6-afac-a59785a330b2/resourceGroups/glasto_RG_EUWest1/providers/Microsoft.Network/virtualNetworks/glasto_VNET/subnets/glasto_SNET",
            "name": "glasto_SNET",
            "private_endpoint_network_policies_enabled": true,
            "private_link_service_network_policies_enabled": true,
            "resource_group_name": "glasto_RG_EUWest1",
            "service_endpoint_policy_ids": null,
            "service_endpoints": null,
            "timeouts": null,
            "virtual_network_name": "glasto_VNET"
          },
          "sensitive_attributes": [],
          "private": "eyJlMmJmYjczMC1lY2FhLTExZTYtOGY4OC0zNDM2M2JjN2M0YzAiOnsiY3JlYXRlIjoxODAwMDAwMDAwMDAwLCJkZWxldGUiOjE4MDAwMDAwMDAwMDAsInJlYWQiOjMwMDAwMDAwMDAwMCwidXBkYXRlIjoxODAwMDAwMDAwMDAwfX0=",
          "dependencies": [
            "azurerm_resource_group.glasto_RG",
            "azurerm_virtual_network.glasto_VNET"
          ]
        },
        {
          "index_key": "NorthEurope",
          "schema_version": 0,
          "attributes": {
            "address_prefixes": [
              "10.0.2.0/24"
            ],
            "delegation": [],
            "enforce_private_link_endpoint_network_policies": false,
            "enforce_private_link_service_network_policies": false,
            "id": "/subscriptions/3ac00602-379c-46d6-afac-a59785a330b2/resourceGroups/glasto_RG_NorthEurope/providers/Microsoft.Network/virtualNetworks/glasto_VNET/subnets/glasto_SNET",
            "name": "glasto_SNET",
            "private_endpoint_network_policies_enabled": true,
            "private_link_service_network_policies_enabled": true,
            "resource_group_name": "glasto_RG_NorthEurope",
            "service_endpoint_policy_ids": null,
            "service_endpoints": null,
            "timeouts": null,
            "virtual_network_name": "glasto_VNET"
          },
          "sensitive_attributes": [],
          "private": "eyJlMmJmYjczMC1lY2FhLTExZTYtOGY4OC0zNDM2M2JjN2M0YzAiOnsiY3JlYXRlIjoxODAwMDAwMDAwMDAwLCJkZWxldGUiOjE4MDAwMDAwMDAwMDAsInJlYWQiOjMwMDAwMDAwMDAwMCwidXBkYXRlIjoxODAwMDAwMDAwMDAwfX0=",
          "dependencies": [
            "azurerm_resource_group.glasto_RG",
            "azurerm_virtual_network.glasto_VNET"
          ]
        },
        {
          "index_key": "UKSouth1",
          "schema_version": 0,
          "attributes": {
            "address_prefixes": [
              "10.0.2.0/24"
            ],
            "delegation": [],
            "enforce_private_link_endpoint_network_policies": false,
            "enforce_private_link_service_network_policies": false,
            "id": "/subscriptions/3ac00602-379c-46d6-afac-a59785a330b2/resourceGroups/glasto_RG_UKSouth1/providers/Microsoft.Network/virtualNetworks/glasto_VNET/subnets/glasto_SNET",
            "name": "glasto_SNET",
            "private_endpoint_network_policies_enabled": true,
            "private_link_service_network_policies_enabled": true,
            "resource_group_name": "glasto_RG_UKSouth1",
            "service_endpoint_policy_ids": null,
            "service_endpoints": null,
            "timeouts": null,
            "virtual_network_name": "glasto_VNET"
          },
          "sensitive_attributes": [],
          "private": "eyJlMmJmYjczMC1lY2FhLTExZTYtOGY4OC0zNDM2M2JjN2M0YzAiOnsiY3JlYXRlIjoxODAwMDAwMDAwMDAwLCJkZWxldGUiOjE4MDAwMDAwMDAwMDAsInJlYWQiOjMwMDAwMDAwMDAwMCwidXBkYXRlIjoxODAwMDAwMDAwMDAwfX0=",
          "dependencies": [
            "azurerm_resource_group.glasto_RG",
            "azurerm_virtual_network.glasto_VNET"
          ]
        },
        {
          "index_key": "UKSouth2",
          "schema_version": 0,
          "attributes": {
            "address_prefixes": [
              "10.0.2.0/24"
            ],
            "delegation": [],
            "enforce_private_link_endpoint_network_policies": false,
            "enforce_private_link_service_network_policies": false,
            "id": "/subscriptions/3ac00602-379c-46d6-afac-a59785a330b2/resourceGroups/glasto_RG_UKSouth2/providers/Microsoft.Network/virtualNetworks/glasto_VNET/subnets/glasto_SNET",
            "name": "glasto_SNET",
            "private_endpoint_network_policies_enabled": true,
            "private_link_service_network_policies_enabled": true,
            "resource_group_name": "glasto_RG_UKSouth2",
            "service_endpoint_policy_ids": null,
            "service_endpoints": null,
            "timeouts": null,
            "virtual_network_name": "glasto_VNET"
          },
          "sensitive_attributes": [],
          "private": "eyJlMmJmYjczMC1lY2FhLTExZTYtOGY4OC0zNDM2M2JjN2M0YzAiOnsiY3JlYXRlIjoxODAwMDAwMDAwMDAwLCJkZWxldGUiOjE4MDAwMDAwMDAwMDAsInJlYWQiOjMwMDAwMDAwMDAwMCwidXBkYXRlIjoxODAwMDAwMDAwMDAwfX0=",
          "dependencies": [
            "azurerm_resource_group.glasto_RG",
            "azurerm_virtual_network.glasto_VNET"
          ]
        },
        {
          "index_key": "UKSouth3",
          "schema_version": 0,
          "attributes": {
            "address_prefixes": [
              "10.0.2.0/24"
            ],
            "delegation": [],
            "enforce_private_link_endpoint_network_policies": false,
            "enforce_private_link_service_network_policies": false,
            "id": "/subscriptions/3ac00602-379c-46d6-afac-a59785a330b2/resourceGroups/glasto_RG_UKSouth3/providers/Microsoft.Network/virtualNetworks/glasto_VNET/subnets/glasto_SNET",
            "name": "glasto_SNET",
            "private_endpoint_network_policies_enabled": true,
            "private_link_service_network_policies_enabled": true,
            "resource_group_name": "glasto_RG_UKSouth3",
            "service_endpoint_policy_ids": null,
            "service_endpoints": null,
            "timeouts": null,
            "virtual_network_name": "glasto_VNET"
          },
          "sensitive_attributes": [],
          "private": "eyJlMmJmYjczMC1lY2FhLTExZTYtOGY4OC0zNDM2M2JjN2M0YzAiOnsiY3JlYXRlIjoxODAwMDAwMDAwMDAwLCJkZWxldGUiOjE4MDAwMDAwMDAwMDAsInJlYWQiOjMwMDAwMDAwMDAwMCwidXBkYXRlIjoxODAwMDAwMDAwMDAwfX0=",
          "dependencies": [
            "azurerm_resource_group.glasto_RG",
            "azurerm_virtual_network.glasto_VNET"
          ]
        },
        {
          "index_key": "UKSouth4",
          "schema_version": 0,
          "attributes": {
            "address_prefixes": [
              "10.0.2.0/24"
            ],
            "delegation": [],
            "enforce_private_link_endpoint_network_policies": false,
            "enforce_private_link_service_network_policies": false,
            "id": "/subscriptions/3ac00602-379c-46d6-afac-a59785a330b2/resourceGroups/glasto_RG_UKSouth4/providers/Microsoft.Network/virtualNetworks/glasto_VNET/subnets/glasto_SNET",
            "name": "glasto_SNET",
            "private_endpoint_network_policies_enabled": true,
            "private_link_service_network_policies_enabled": true,
            "resource_group_name": "glasto_RG_UKSouth4",
            "service_endpoint_policy_ids": null,
            "service_endpoints": null,
            "timeouts": null,
            "virtual_network_name": "glasto_VNET"
          },
          "sensitive_attributes": [],
          "private": "eyJlMmJmYjczMC1lY2FhLTExZTYtOGY4OC0zNDM2M2JjN2M0YzAiOnsiY3JlYXRlIjoxODAwMDAwMDAwMDAwLCJkZWxldGUiOjE4MDAwMDAwMDAwMDAsInJlYWQiOjMwMDAwMDAwMDAwMCwidXBkYXRlIjoxODAwMDAwMDAwMDAwfX0=",
          "dependencies": [
            "azurerm_resource_group.glasto_RG",
            "azurerm_virtual_network.glasto_VNET"
          ]
        },
        {
          "index_key": "UKWest1",
          "schema_version": 0,
          "attributes": {
            "address_prefixes": [
              "10.0.2.0/24"
            ],
            "delegation": [],
            "enforce_private_link_endpoint_network_policies": false,
            "enforce_private_link_service_network_policies": false,
            "id": "/subscriptions/3ac00602-379c-46d6-afac-a59785a330b2/resourceGroups/glasto_RG_UKWest1/providers/Microsoft.Network/virtualNetworks/glasto_VNET/subnets/glasto_SNET",
            "name": "glasto_SNET",
            "private_endpoint_network_policies_enabled": true,
            "private_link_service_network_policies_enabled": true,
            "resource_group_name": "glasto_RG_UKWest1",
            "service_endpoint_policy_ids": null,
            "service_endpoints": null,
            "timeouts": null,
            "virtual_network_name": "glasto_VNET"
          },
          "sensitive_attributes": [],
          "private": "eyJlMmJmYjczMC1lY2FhLTExZTYtOGY4OC0zNDM2M2JjN2M0YzAiOnsiY3JlYXRlIjoxODAwMDAwMDAwMDAwLCJkZWxldGUiOjE4MDAwMDAwMDAwMDAsInJlYWQiOjMwMDAwMDAwMDAwMCwidXBkYXRlIjoxODAwMDAwMDAwMDAwfX0=",
          "dependencies": [
            "azurerm_resource_group.glasto_RG",
            "azurerm_virtual_network.glasto_VNET"
          ]
        },
        {
          "index_key": "UKWest2",
          "schema_version": 0,
          "attributes": {
            "address_prefixes": [
              "10.0.2.0/24"
            ],
            "delegation": [],
            "enforce_private_link_endpoint_network_policies": false,
            "enforce_private_link_service_network_policies": false,
            "id": "/subscriptions/3ac00602-379c-46d6-afac-a59785a330b2/resourceGroups/glasto_RG_UKWest2/providers/Microsoft.Network/virtualNetworks/glasto_VNET/subnets/glasto_SNET",
            "name": "glasto_SNET",
            "private_endpoint_network_policies_enabled": true,
            "private_link_service_network_policies_enabled": true,
            "resource_group_name": "glasto_RG_UKWest2",
            "service_endpoint_policy_ids": null,
            "service_endpoints": null,
            "timeouts": null,
            "virtual_network_name": "glasto_VNET"
          },
          "sensitive_attributes": [],
          "private": "eyJlMmJmYjczMC1lY2FhLTExZTYtOGY4OC0zNDM2M2JjN2M0YzAiOnsiY3JlYXRlIjoxODAwMDAwMDAwMDAwLCJkZWxldGUiOjE4MDAwMDAwMDAwMDAsInJlYWQiOjMwMDAwMDAwMDAwMCwidXBkYXRlIjoxODAwMDAwMDAwMDAwfX0=",
          "dependencies": [
            "azurerm_resource_group.glasto_RG",
            "azurerm_virtual_network.glasto_VNET"
          ]
        },
        {
          "index_key": "UKWest3",
          "schema_version": 0,
          "attributes": {
            "address_prefixes": [
              "10.0.2.0/24"
            ],
            "delegation": [],
            "enforce_private_link_endpoint_network_policies": false,
            "enforce_private_link_service_network_policies": false,
            "id": "/subscriptions/3ac00602-379c-46d6-afac-a59785a330b2/resourceGroups/glasto_RG_UKWest3/providers/Microsoft.Network/virtualNetworks/glasto_VNET/subnets/glasto_SNET",
            "name": "glasto_SNET",
            "private_endpoint_network_policies_enabled": true,
            "private_link_service_network_policies_enabled": true,
            "resource_group_name": "glasto_RG_UKWest3",
            "service_endpoint_policy_ids": null,
            "service_endpoints": null,
            "timeouts": null,
            "virtual_network_name": "glasto_VNET"
          },
          "sensitive_attributes": [],
          "private": "eyJlMmJmYjczMC1lY2FhLTExZTYtOGY4OC0zNDM2M2JjN2M0YzAiOnsiY3JlYXRlIjoxODAwMDAwMDAwMDAwLCJkZWxldGUiOjE4MDAwMDAwMDAwMDAsInJlYWQiOjMwMDAwMDAwMDAwMCwidXBkYXRlIjoxODAwMDAwMDAwMDAwfX0=",
          "dependencies": [
            "azurerm_resource_group.glasto_RG",
            "azurerm_virtual_network.glasto_VNET"
          ]
        },
        {
          "index_key": "UKWest4",
          "schema_version": 0,
          "attributes": {
            "address_prefixes": [
              "10.0.2.0/24"
            ],
            "delegation": [],
            "enforce_private_link_endpoint_network_policies": false,
            "enforce_private_link_service_network_policies": false,
            "id": "/subscriptions/3ac00602-379c-46d6-afac-a59785a330b2/resourceGroups/glasto_RG_UKWest4/providers/Microsoft.Network/virtualNetworks/glasto_VNET/subnets/glasto_SNET",
            "name": "glasto_SNET",
            "private_endpoint_network_policies_enabled": true,
            "private_link_service_network_policies_enabled": true,
            "resource_group_name": "glasto_RG_UKWest4",
            "service_endpoint_policy_ids": null,
            "service_endpoints": null,
            "timeouts": null,
            "virtual_network_name": "glasto_VNET"
          },
          "sensitive_attributes": [],
          "private": "eyJlMmJmYjczMC1lY2FhLTExZTYtOGY4OC0zNDM2M2JjN2M0YzAiOnsiY3JlYXRlIjoxODAwMDAwMDAwMDAwLCJkZWxldGUiOjE4MDAwMDAwMDAwMDAsInJlYWQiOjMwMDAwMDAwMDAwMCwidXBkYXRlIjoxODAwMDAwMDAwMDAwfX0=",
          "dependencies": [
            "azurerm_resource_group.glasto_RG",
            "azurerm_virtual_network.glasto_VNET"
          ]
        }
      ]
    },
    {
      "mode": "managed",
      "type": "azurerm_virtual_network",
      "name": "glasto_VNET",
      "provider": "provider[\"registry.terraform.io/hashicorp/azurerm\"]",
      "instances": [
        {
          "index_key": "EUWest1",
          "schema_version": 0,
          "attributes": {
            "address_space": [
              "10.0.0.0/16"
            ],
            "bgp_community": "",
            "ddos_protection_plan": [],
            "dns_servers": [],
            "edge_zone": "",
            "encryption": [],
            "flow_timeout_in_minutes": 0,
            "guid": "fef28616-3c09-455b-a932-5fe473f8f4a3",
            "id": "/subscriptions/3ac00602-379c-46d6-afac-a59785a330b2/resourceGroups/glasto_RG_EUWest1/providers/Microsoft.Network/virtualNetworks/glasto_VNET",
            "location": "westeurope",
            "name": "glasto_VNET",
            "resource_group_name": "glasto_RG_EUWest1",
            "subnet": [],
            "tags": null,
            "timeouts": null
          },
          "sensitive_attributes": [],
          "private": "eyJlMmJmYjczMC1lY2FhLTExZTYtOGY4OC0zNDM2M2JjN2M0YzAiOnsiY3JlYXRlIjoxODAwMDAwMDAwMDAwLCJkZWxldGUiOjE4MDAwMDAwMDAwMDAsInJlYWQiOjMwMDAwMDAwMDAwMCwidXBkYXRlIjoxODAwMDAwMDAwMDAwfX0=",
          "dependencies": [
            "azurerm_resource_group.glasto_RG"
          ]
        },
        {
          "index_key": "NorthEurope",
          "schema_version": 0,
          "attributes": {
            "address_space": [
              "10.0.0.0/16"
            ],
            "bgp_community": "",
            "ddos_protection_plan": [],
            "dns_servers": [],
            "edge_zone": "",
            "encryption": [],
            "flow_timeout_in_minutes": 0,
            "guid": "e44a3500-6f5d-4068-a599-28439ee861f6",
            "id": "/subscriptions/3ac00602-379c-46d6-afac-a59785a330b2/resourceGroups/glasto_RG_NorthEurope/providers/Microsoft.Network/virtualNetworks/glasto_VNET",
            "location": "northeurope",
            "name": "glasto_VNET",
            "resource_group_name": "glasto_RG_NorthEurope",
            "subnet": [],
            "tags": null,
            "timeouts": null
          },
          "sensitive_attributes": [],
          "private": "eyJlMmJmYjczMC1lY2FhLTExZTYtOGY4OC0zNDM2M2JjN2M0YzAiOnsiY3JlYXRlIjoxODAwMDAwMDAwMDAwLCJkZWxldGUiOjE4MDAwMDAwMDAwMDAsInJlYWQiOjMwMDAwMDAwMDAwMCwidXBkYXRlIjoxODAwMDAwMDAwMDAwfX0=",
          "dependencies": [
            "azurerm_resource_group.glasto_RG"
          ]
        },
        {
          "index_key": "UKSouth1",
          "schema_version": 0,
          "attributes": {
            "address_space": [
              "10.0.0.0/16"
            ],
            "bgp_community": "",
            "ddos_protection_plan": [],
            "dns_servers": [],
            "edge_zone": "",
            "encryption": [],
            "flow_timeout_in_minutes": 0,
            "guid": "a10e2e5b-9bcd-44a7-81bd-ea99c89390c1",
            "id": "/subscriptions/3ac00602-379c-46d6-afac-a59785a330b2/resourceGroups/glasto_RG_UKSouth1/providers/Microsoft.Network/virtualNetworks/glasto_VNET",
            "location": "uksouth",
            "name": "glasto_VNET",
            "resource_group_name": "glasto_RG_UKSouth1",
            "subnet": [],
            "tags": null,
            "timeouts": null
          },
          "sensitive_attributes": [],
          "private": "eyJlMmJmYjczMC1lY2FhLTExZTYtOGY4OC0zNDM2M2JjN2M0YzAiOnsiY3JlYXRlIjoxODAwMDAwMDAwMDAwLCJkZWxldGUiOjE4MDAwMDAwMDAwMDAsInJlYWQiOjMwMDAwMDAwMDAwMCwidXBkYXRlIjoxODAwMDAwMDAwMDAwfX0=",
          "dependencies": [
            "azurerm_resource_group.glasto_RG"
          ]
        },
        {
          "index_key": "UKSouth2",
          "schema_version": 0,
          "attributes": {
            "address_space": [
              "10.0.0.0/16"
            ],
            "bgp_community": "",
            "ddos_protection_plan": [],
            "dns_servers": [],
            "edge_zone": "",
            "encryption": [],
            "flow_timeout_in_minutes": 0,
            "guid": "604c9c0b-7f3d-448f-a607-ce2cdc60827d",
            "id": "/subscriptions/3ac00602-379c-46d6-afac-a59785a330b2/resourceGroups/glasto_RG_UKSouth2/providers/Microsoft.Network/virtualNetworks/glasto_VNET",
            "location": "uksouth",
            "name": "glasto_VNET",
            "resource_group_name": "glasto_RG_UKSouth2",
            "subnet": [],
            "tags": null,
            "timeouts": null
          },
          "sensitive_attributes": [],
          "private": "eyJlMmJmYjczMC1lY2FhLTExZTYtOGY4OC0zNDM2M2JjN2M0YzAiOnsiY3JlYXRlIjoxODAwMDAwMDAwMDAwLCJkZWxldGUiOjE4MDAwMDAwMDAwMDAsInJlYWQiOjMwMDAwMDAwMDAwMCwidXBkYXRlIjoxODAwMDAwMDAwMDAwfX0=",
          "dependencies": [
            "azurerm_resource_group.glasto_RG"
          ]
        },
        {
          "index_key": "UKSouth3",
          "schema_version": 0,
          "attributes": {
            "address_space": [
              "10.0.0.0/16"
            ],
            "bgp_community": "",
            "ddos_protection_plan": [],
            "dns_servers": [],
            "edge_zone": "",
            "encryption": [],
            "flow_timeout_in_minutes": 0,
            "guid": "187e0e47-160b-481b-8471-0421ecedfc63",
            "id": "/subscriptions/3ac00602-379c-46d6-afac-a59785a330b2/resourceGroups/glasto_RG_UKSouth3/providers/Microsoft.Network/virtualNetworks/glasto_VNET",
            "location": "uksouth",
            "name": "glasto_VNET",
            "resource_group_name": "glasto_RG_UKSouth3",
            "subnet": [],
            "tags": null,
            "timeouts": null
          },
          "sensitive_attributes": [],
          "private": "eyJlMmJmYjczMC1lY2FhLTExZTYtOGY4OC0zNDM2M2JjN2M0YzAiOnsiY3JlYXRlIjoxODAwMDAwMDAwMDAwLCJkZWxldGUiOjE4MDAwMDAwMDAwMDAsInJlYWQiOjMwMDAwMDAwMDAwMCwidXBkYXRlIjoxODAwMDAwMDAwMDAwfX0=",
          "dependencies": [
            "azurerm_resource_group.glasto_RG"
          ]
        },
        {
          "index_key": "UKSouth4",
          "schema_version": 0,
          "attributes": {
            "address_space": [
              "10.0.0.0/16"
            ],
            "bgp_community": "",
            "ddos_protection_plan": [],
            "dns_servers": [],
            "edge_zone": "",
            "encryption": [],
            "flow_timeout_in_minutes": 0,
            "guid": "f7412a80-d143-456e-97de-37461c3de515",
            "id": "/subscriptions/3ac00602-379c-46d6-afac-a59785a330b2/resourceGroups/glasto_RG_UKSouth4/providers/Microsoft.Network/virtualNetworks/glasto_VNET",
            "location": "uksouth",
            "name": "glasto_VNET",
            "resource_group_name": "glasto_RG_UKSouth4",
            "subnet": [],
            "tags": null,
            "timeouts": null
          },
          "sensitive_attributes": [],
          "private": "eyJlMmJmYjczMC1lY2FhLTExZTYtOGY4OC0zNDM2M2JjN2M0YzAiOnsiY3JlYXRlIjoxODAwMDAwMDAwMDAwLCJkZWxldGUiOjE4MDAwMDAwMDAwMDAsInJlYWQiOjMwMDAwMDAwMDAwMCwidXBkYXRlIjoxODAwMDAwMDAwMDAwfX0=",
          "dependencies": [
            "azurerm_resource_group.glasto_RG"
          ]
        },
        {
          "index_key": "UKWest1",
          "schema_version": 0,
          "attributes": {
            "address_space": [
              "10.0.0.0/16"
            ],
            "bgp_community": "",
            "ddos_protection_plan": [],
            "dns_servers": [],
            "edge_zone": "",
            "encryption": [],
            "flow_timeout_in_minutes": 0,
            "guid": "04abe594-6b73-42a1-b485-e93d5ec7c800",
            "id": "/subscriptions/3ac00602-379c-46d6-afac-a59785a330b2/resourceGroups/glasto_RG_UKWest1/providers/Microsoft.Network/virtualNetworks/glasto_VNET",
            "location": "ukwest",
            "name": "glasto_VNET",
            "resource_group_name": "glasto_RG_UKWest1",
            "subnet": [],
            "tags": null,
            "timeouts": null
          },
          "sensitive_attributes": [],
          "private": "eyJlMmJmYjczMC1lY2FhLTExZTYtOGY4OC0zNDM2M2JjN2M0YzAiOnsiY3JlYXRlIjoxODAwMDAwMDAwMDAwLCJkZWxldGUiOjE4MDAwMDAwMDAwMDAsInJlYWQiOjMwMDAwMDAwMDAwMCwidXBkYXRlIjoxODAwMDAwMDAwMDAwfX0=",
          "dependencies": [
            "azurerm_resource_group.glasto_RG"
          ]
        },
        {
          "index_key": "UKWest2",
          "schema_version": 0,
          "attributes": {
            "address_space": [
              "10.0.0.0/16"
            ],
            "bgp_community": "",
            "ddos_protection_plan": [],
            "dns_servers": [],
            "edge_zone": "",
            "encryption": [],
            "flow_timeout_in_minutes": 0,
            "guid": "f5dc3a40-33a9-432a-887a-d56734a0becd",
            "id": "/subscriptions/3ac00602-379c-46d6-afac-a59785a330b2/resourceGroups/glasto_RG_UKWest2/providers/Microsoft.Network/virtualNetworks/glasto_VNET",
            "location": "ukwest",
            "name": "glasto_VNET",
            "resource_group_name": "glasto_RG_UKWest2",
            "subnet": [],
            "tags": null,
            "timeouts": null
          },
          "sensitive_attributes": [],
          "private": "eyJlMmJmYjczMC1lY2FhLTExZTYtOGY4OC0zNDM2M2JjN2M0YzAiOnsiY3JlYXRlIjoxODAwMDAwMDAwMDAwLCJkZWxldGUiOjE4MDAwMDAwMDAwMDAsInJlYWQiOjMwMDAwMDAwMDAwMCwidXBkYXRlIjoxODAwMDAwMDAwMDAwfX0=",
          "dependencies": [
            "azurerm_resource_group.glasto_RG"
          ]
        },
        {
          "index_key": "UKWest3",
          "schema_version": 0,
          "attributes": {
            "address_space": [
              "10.0.0.0/16"
            ],
            "bgp_community": "",
            "ddos_protection_plan": [],
            "dns_servers": [],
            "edge_zone": "",
            "encryption": [],
            "flow_timeout_in_minutes": 0,
            "guid": "ed93584b-d8db-4611-a47c-8ea0dba9c15d",
            "id": "/subscriptions/3ac00602-379c-46d6-afac-a59785a330b2/resourceGroups/glasto_RG_UKWest3/providers/Microsoft.Network/virtualNetworks/glasto_VNET",
            "location": "ukwest",
            "name": "glasto_VNET",
            "resource_group_name": "glasto_RG_UKWest3",
            "subnet": [],
            "tags": null,
            "timeouts": null
          },
          "sensitive_attributes": [],
          "private": "eyJlMmJmYjczMC1lY2FhLTExZTYtOGY4OC0zNDM2M2JjN2M0YzAiOnsiY3JlYXRlIjoxODAwMDAwMDAwMDAwLCJkZWxldGUiOjE4MDAwMDAwMDAwMDAsInJlYWQiOjMwMDAwMDAwMDAwMCwidXBkYXRlIjoxODAwMDAwMDAwMDAwfX0=",
          "dependencies": [
            "azurerm_resource_group.glasto_RG"
          ]
        },
        {
          "index_key": "UKWest4",
          "schema_version": 0,
          "attributes": {
            "address_space": [
              "10.0.0.0/16"
            ],
            "bgp_community": "",
            "ddos_protection_plan": [],
            "dns_servers": [],
            "edge_zone": "",
            "encryption": [],
            "flow_timeout_in_minutes": 0,
            "guid": "53968e5e-da84-404f-bc7e-9bf16c32ef53",
            "id": "/subscriptions/3ac00602-379c-46d6-afac-a59785a330b2/resourceGroups/glasto_RG_UKWest4/providers/Microsoft.Network/virtualNetworks/glasto_VNET",
            "location": "ukwest",
            "name": "glasto_VNET",
            "resource_group_name": "glasto_RG_UKWest4",
            "subnet": [],
            "tags": null,
            "timeouts": null
          },
          "sensitive_attributes": [],
          "private": "eyJlMmJmYjczMC1lY2FhLTExZTYtOGY4OC0zNDM2M2JjN2M0YzAiOnsiY3JlYXRlIjoxODAwMDAwMDAwMDAwLCJkZWxldGUiOjE4MDAwMDAwMDAwMDAsInJlYWQiOjMwMDAwMDAwMDAwMCwidXBkYXRlIjoxODAwMDAwMDAwMDAwfX0=",
          "dependencies": [
            "azurerm_resource_group.glasto_RG"
          ]
        }
      ]
    },
    {
      "mode": "managed",
      "type": "azurerm_windows_virtual_machine",
      "name": "glasto_vm",
      "provider": "provider[\"registry.terraform.io/hashicorp/azurerm\"]",
      "instances": [
        {
          "index_key": "EUWest1",
          "schema_version": 0,
          "attributes": {
            "additional_capabilities": [],
            "additional_unattend_content": [],
            "admin_password": "VMPowerBI56!!",
            "admin_username": "kit-kat96",
            "allow_extension_operations": true,
            "availability_set_id": "",
            "boot_diagnostics": [],
            "bypass_platform_safety_checks_on_user_schedule_enabled": false,
            "capacity_reservation_group_id": "",
            "computer_name": "EUWest1",
            "custom_data": null,
            "dedicated_host_group_id": "",
            "dedicated_host_id": "",
            "edge_zone": "",
            "enable_automatic_updates": true,
            "encryption_at_host_enabled": false,
            "eviction_policy": "",
            "extensions_time_budget": "PT1H30M",
            "gallery_application": [],
            "hotpatching_enabled": false,
            "id": "/subscriptions/3ac00602-379c-46d6-afac-a59785a330b2/resourceGroups/glasto_RG_EUWest1/providers/Microsoft.Compute/virtualMachines/EUWest1",
            "identity": [],
            "license_type": "",
            "location": "westeurope",
            "max_bid_price": -1,
            "name": "EUWest1",
            "network_interface_ids": [
              "/subscriptions/3ac00602-379c-46d6-afac-a59785a330b2/resourceGroups/glasto_RG_EUWest1/providers/Microsoft.Network/networkInterfaces/glasto_NI"
            ],
            "os_disk": [
              {
                "caching": "ReadWrite",
                "diff_disk_settings": [],
                "disk_encryption_set_id": "",
                "disk_size_gb": 127,
                "name": "EUWest1_OsDisk_1_a04c1c1ee2754762bf5a9c4c69526bb5",
                "secure_vm_disk_encryption_set_id": "",
                "security_encryption_type": "",
                "storage_account_type": "Standard_LRS",
                "write_accelerator_enabled": false
              }
            ],
            "patch_assessment_mode": "ImageDefault",
            "patch_mode": "AutomaticByOS",
            "plan": [],
            "platform_fault_domain": -1,
            "priority": "Regular",
            "private_ip_address": "10.0.2.4",
            "private_ip_addresses": [
              "10.0.2.4"
            ],
            "provision_vm_agent": true,
            "proximity_placement_group_id": "",
            "public_ip_address": "13.81.252.70",
            "public_ip_addresses": [
              "13.81.252.70"
            ],
            "reboot_setting": "",
            "resource_group_name": "glasto_RG_EUWest1",
            "secret": [],
            "secure_boot_enabled": false,
            "size": "Standard_D2s_v3",
            "source_image_id": "",
            "source_image_reference": [
              {
                "offer": "Windows-10",
                "publisher": "MicrosoftWindowsDesktop",
                "sku": "win10-22h2-pro-g2",
                "version": "latest"
              }
            ],
            "tags": null,
            "termination_notification": null,
            "timeouts": null,
            "timezone": "",
            "user_data": "",
            "virtual_machine_id": "77322973-82fa-4800-9c32-4aa44ded513f",
            "virtual_machine_scale_set_id": "",
            "vtpm_enabled": false,
            "winrm_listener": [],
            "zone": ""
          },
          "sensitive_attributes": [],
          "private": "eyJlMmJmYjczMC1lY2FhLTExZTYtOGY4OC0zNDM2M2JjN2M0YzAiOnsiY3JlYXRlIjoyNzAwMDAwMDAwMDAwLCJkZWxldGUiOjI3MDAwMDAwMDAwMDAsInJlYWQiOjMwMDAwMDAwMDAwMCwidXBkYXRlIjoyNzAwMDAwMDAwMDAwfX0=",
          "dependencies": [
            "azurerm_network_interface.glasto_NI",
            "azurerm_public_ip.vm_public_IP",
            "azurerm_resource_group.glasto_RG",
            "azurerm_subnet.glasto_SNET",
            "azurerm_virtual_network.glasto_VNET"
          ]
        },
        {
          "index_key": "NorthEurope",
          "schema_version": 0,
          "attributes": {
            "additional_capabilities": [],
            "additional_unattend_content": [],
            "admin_password": "VMPowerBI56!!",
            "admin_username": "kit-kat96",
            "allow_extension_operations": true,
            "availability_set_id": "",
            "boot_diagnostics": [],
            "bypass_platform_safety_checks_on_user_schedule_enabled": false,
            "capacity_reservation_group_id": "",
            "computer_name": "NorthEurope",
            "custom_data": null,
            "dedicated_host_group_id": "",
            "dedicated_host_id": "",
            "edge_zone": "",
            "enable_automatic_updates": true,
            "encryption_at_host_enabled": false,
            "eviction_policy": "",
            "extensions_time_budget": "PT1H30M",
            "gallery_application": [],
            "hotpatching_enabled": false,
            "id": "/subscriptions/3ac00602-379c-46d6-afac-a59785a330b2/resourceGroups/glasto_RG_NorthEurope/providers/Microsoft.Compute/virtualMachines/NorthEurope",
            "identity": [],
            "license_type": "",
            "location": "northeurope",
            "max_bid_price": -1,
            "name": "NorthEurope",
            "network_interface_ids": [
              "/subscriptions/3ac00602-379c-46d6-afac-a59785a330b2/resourceGroups/glasto_RG_NorthEurope/providers/Microsoft.Network/networkInterfaces/glasto_NI"
            ],
            "os_disk": [
              {
                "caching": "ReadWrite",
                "diff_disk_settings": [],
                "disk_encryption_set_id": "",
                "disk_size_gb": 127,
                "name": "NorthEurope_OsDisk_1_8350970bbf50459184108dd765db5096",
                "secure_vm_disk_encryption_set_id": "",
                "security_encryption_type": "",
                "storage_account_type": "Standard_LRS",
                "write_accelerator_enabled": false
              }
            ],
            "patch_assessment_mode": "ImageDefault",
            "patch_mode": "AutomaticByOS",
            "plan": [],
            "platform_fault_domain": -1,
            "priority": "Regular",
            "private_ip_address": "10.0.2.4",
            "private_ip_addresses": [
              "10.0.2.4"
            ],
            "provision_vm_agent": true,
            "proximity_placement_group_id": "",
            "public_ip_address": "13.79.56.126",
            "public_ip_addresses": [
              "13.79.56.126"
            ],
            "reboot_setting": "",
            "resource_group_name": "glasto_RG_NorthEurope",
            "secret": [],
            "secure_boot_enabled": false,
            "size": "Standard_D2s_v3",
            "source_image_id": "",
            "source_image_reference": [
              {
                "offer": "Windows-10",
                "publisher": "MicrosoftWindowsDesktop",
                "sku": "win10-22h2-pro-g2",
                "version": "latest"
              }
            ],
            "tags": null,
            "termination_notification": null,
            "timeouts": null,
            "timezone": "",
            "user_data": "",
            "virtual_machine_id": "c59f621d-f071-4657-8bca-495178a80ae6",
            "virtual_machine_scale_set_id": "",
            "vtpm_enabled": false,
            "winrm_listener": [],
            "zone": ""
          },
          "sensitive_attributes": [],
          "private": "eyJlMmJmYjczMC1lY2FhLTExZTYtOGY4OC0zNDM2M2JjN2M0YzAiOnsiY3JlYXRlIjoyNzAwMDAwMDAwMDAwLCJkZWxldGUiOjI3MDAwMDAwMDAwMDAsInJlYWQiOjMwMDAwMDAwMDAwMCwidXBkYXRlIjoyNzAwMDAwMDAwMDAwfX0=",
          "dependencies": [
            "azurerm_network_interface.glasto_NI",
            "azurerm_public_ip.vm_public_IP",
            "azurerm_resource_group.glasto_RG",
            "azurerm_subnet.glasto_SNET",
            "azurerm_virtual_network.glasto_VNET"
          ]
        },
        {
          "index_key": "UKSouth1",
          "schema_version": 0,
          "attributes": {
            "additional_capabilities": [],
            "additional_unattend_content": [],
            "admin_password": "VMPowerBI56!!",
            "admin_username": "kit-kat96",
            "allow_extension_operations": true,
            "availability_set_id": "",
            "boot_diagnostics": [],
            "bypass_platform_safety_checks_on_user_schedule_enabled": false,
            "capacity_reservation_group_id": "",
            "computer_name": "UKSouth1",
            "custom_data": null,
            "dedicated_host_group_id": "",
            "dedicated_host_id": "",
            "edge_zone": "",
            "enable_automatic_updates": true,
            "encryption_at_host_enabled": false,
            "eviction_policy": "",
            "extensions_time_budget": "PT1H30M",
            "gallery_application": [],
            "hotpatching_enabled": false,
            "id": "/subscriptions/3ac00602-379c-46d6-afac-a59785a330b2/resourceGroups/glasto_RG_UKSouth1/providers/Microsoft.Compute/virtualMachines/UKSouth1",
            "identity": [],
            "license_type": "",
            "location": "uksouth",
            "max_bid_price": -1,
            "name": "UKSouth1",
            "network_interface_ids": [
              "/subscriptions/3ac00602-379c-46d6-afac-a59785a330b2/resourceGroups/glasto_RG_UKSouth1/providers/Microsoft.Network/networkInterfaces/glasto_NI"
            ],
            "os_disk": [
              {
                "caching": "ReadWrite",
                "diff_disk_settings": [],
                "disk_encryption_set_id": "",
                "disk_size_gb": 127,
                "name": "UKSouth1_OsDisk_1_b7d3bdd8386b453d9e2cb9c75d1d4b03",
                "secure_vm_disk_encryption_set_id": "",
                "security_encryption_type": "",
                "storage_account_type": "Standard_LRS",
                "write_accelerator_enabled": false
              }
            ],
            "patch_assessment_mode": "ImageDefault",
            "patch_mode": "AutomaticByOS",
            "plan": [],
            "platform_fault_domain": -1,
            "priority": "Regular",
            "private_ip_address": "10.0.2.4",
            "private_ip_addresses": [
              "10.0.2.4"
            ],
            "provision_vm_agent": true,
            "proximity_placement_group_id": "",
            "public_ip_address": "172.167.207.187",
            "public_ip_addresses": [
              "172.167.207.187"
            ],
            "reboot_setting": "",
            "resource_group_name": "glasto_RG_UKSouth1",
            "secret": [],
            "secure_boot_enabled": false,
            "size": "Standard_D2s_v3",
            "source_image_id": "",
            "source_image_reference": [
              {
                "offer": "Windows-10",
                "publisher": "MicrosoftWindowsDesktop",
                "sku": "win10-22h2-pro-g2",
                "version": "latest"
              }
            ],
            "tags": null,
            "termination_notification": null,
            "timeouts": null,
            "timezone": "",
            "user_data": "",
            "virtual_machine_id": "3a798abc-e5f4-43cd-aa11-8bbade27381b",
            "virtual_machine_scale_set_id": "",
            "vtpm_enabled": false,
            "winrm_listener": [],
            "zone": ""
          },
          "sensitive_attributes": [],
          "private": "eyJlMmJmYjczMC1lY2FhLTExZTYtOGY4OC0zNDM2M2JjN2M0YzAiOnsiY3JlYXRlIjoyNzAwMDAwMDAwMDAwLCJkZWxldGUiOjI3MDAwMDAwMDAwMDAsInJlYWQiOjMwMDAwMDAwMDAwMCwidXBkYXRlIjoyNzAwMDAwMDAwMDAwfX0=",
          "dependencies": [
            "azurerm_network_interface.glasto_NI",
            "azurerm_public_ip.vm_public_IP",
            "azurerm_resource_group.glasto_RG",
            "azurerm_subnet.glasto_SNET",
            "azurerm_virtual_network.glasto_VNET"
          ]
        },
        {
          "index_key": "UKSouth2",
          "schema_version": 0,
          "attributes": {
            "additional_capabilities": [],
            "additional_unattend_content": [],
            "admin_password": "VMPowerBI56!!",
            "admin_username": "kit-kat96",
            "allow_extension_operations": true,
            "availability_set_id": "",
            "boot_diagnostics": [],
            "bypass_platform_safety_checks_on_user_schedule_enabled": false,
            "capacity_reservation_group_id": "",
            "computer_name": "UKSouth2",
            "custom_data": null,
            "dedicated_host_group_id": "",
            "dedicated_host_id": "",
            "edge_zone": "",
            "enable_automatic_updates": true,
            "encryption_at_host_enabled": false,
            "eviction_policy": "",
            "extensions_time_budget": "PT1H30M",
            "gallery_application": [],
            "hotpatching_enabled": false,
            "id": "/subscriptions/3ac00602-379c-46d6-afac-a59785a330b2/resourceGroups/glasto_RG_UKSouth2/providers/Microsoft.Compute/virtualMachines/UKSouth2",
            "identity": [],
            "license_type": "",
            "location": "uksouth",
            "max_bid_price": -1,
            "name": "UKSouth2",
            "network_interface_ids": [
              "/subscriptions/3ac00602-379c-46d6-afac-a59785a330b2/resourceGroups/glasto_RG_UKSouth2/providers/Microsoft.Network/networkInterfaces/glasto_NI"
            ],
            "os_disk": [
              {
                "caching": "ReadWrite",
                "diff_disk_settings": [],
                "disk_encryption_set_id": "",
                "disk_size_gb": 127,
                "name": "UKSouth2_OsDisk_1_099a2c4383f24fbeb25675f3e8bd66ec",
                "secure_vm_disk_encryption_set_id": "",
                "security_encryption_type": "",
                "storage_account_type": "Standard_LRS",
                "write_accelerator_enabled": false
              }
            ],
            "patch_assessment_mode": "ImageDefault",
            "patch_mode": "AutomaticByOS",
            "plan": [],
            "platform_fault_domain": -1,
            "priority": "Regular",
            "private_ip_address": "10.0.2.4",
            "private_ip_addresses": [
              "10.0.2.4"
            ],
            "provision_vm_agent": true,
            "proximity_placement_group_id": "",
            "public_ip_address": "172.166.160.155",
            "public_ip_addresses": [
              "172.166.160.155"
            ],
            "reboot_setting": "",
            "resource_group_name": "glasto_RG_UKSouth2",
            "secret": [],
            "secure_boot_enabled": false,
            "size": "Standard_D2s_v3",
            "source_image_id": "",
            "source_image_reference": [
              {
                "offer": "Windows-10",
                "publisher": "MicrosoftWindowsDesktop",
                "sku": "win10-22h2-pro-g2",
                "version": "latest"
              }
            ],
            "tags": null,
            "termination_notification": null,
            "timeouts": null,
            "timezone": "",
            "user_data": "",
            "virtual_machine_id": "ce40cdef-cb47-4a8c-ac88-fe3213e8a98a",
            "virtual_machine_scale_set_id": "",
            "vtpm_enabled": false,
            "winrm_listener": [],
            "zone": ""
          },
          "sensitive_attributes": [],
          "private": "eyJlMmJmYjczMC1lY2FhLTExZTYtOGY4OC0zNDM2M2JjN2M0YzAiOnsiY3JlYXRlIjoyNzAwMDAwMDAwMDAwLCJkZWxldGUiOjI3MDAwMDAwMDAwMDAsInJlYWQiOjMwMDAwMDAwMDAwMCwidXBkYXRlIjoyNzAwMDAwMDAwMDAwfX0=",
          "dependencies": [
            "azurerm_network_interface.glasto_NI",
            "azurerm_public_ip.vm_public_IP",
            "azurerm_resource_group.glasto_RG",
            "azurerm_subnet.glasto_SNET",
            "azurerm_virtual_network.glasto_VNET"
          ]
        },
        {
          "index_key": "UKSouth3",
          "schema_version": 0,
          "attributes": {
            "additional_capabilities": [],
            "additional_unattend_content": [],
            "admin_password": "VMPowerBI56!!",
            "admin_username": "kit-kat96",
            "allow_extension_operations": true,
            "availability_set_id": "",
            "boot_diagnostics": [],
            "bypass_platform_safety_checks_on_user_schedule_enabled": false,
            "capacity_reservation_group_id": "",
            "computer_name": "UKSouth3",
            "custom_data": null,
            "dedicated_host_group_id": "",
            "dedicated_host_id": "",
            "edge_zone": "",
            "enable_automatic_updates": true,
            "encryption_at_host_enabled": false,
            "eviction_policy": "",
            "extensions_time_budget": "PT1H30M",
            "gallery_application": [],
            "hotpatching_enabled": false,
            "id": "/subscriptions/3ac00602-379c-46d6-afac-a59785a330b2/resourceGroups/glasto_RG_UKSouth3/providers/Microsoft.Compute/virtualMachines/UKSouth3",
            "identity": [],
            "license_type": "",
            "location": "uksouth",
            "max_bid_price": -1,
            "name": "UKSouth3",
            "network_interface_ids": [
              "/subscriptions/3ac00602-379c-46d6-afac-a59785a330b2/resourceGroups/glasto_RG_UKSouth3/providers/Microsoft.Network/networkInterfaces/glasto_NI"
            ],
            "os_disk": [
              {
                "caching": "ReadWrite",
                "diff_disk_settings": [],
                "disk_encryption_set_id": "",
                "disk_size_gb": 127,
                "name": "UKSouth3_OsDisk_1_612cef2f00de4ecdb00ae7512c268e06",
                "secure_vm_disk_encryption_set_id": "",
                "security_encryption_type": "",
                "storage_account_type": "Standard_LRS",
                "write_accelerator_enabled": false
              }
            ],
            "patch_assessment_mode": "ImageDefault",
            "patch_mode": "AutomaticByOS",
            "plan": [],
            "platform_fault_domain": -1,
            "priority": "Regular",
            "private_ip_address": "10.0.2.4",
            "private_ip_addresses": [
              "10.0.2.4"
            ],
            "provision_vm_agent": true,
            "proximity_placement_group_id": "",
            "public_ip_address": "172.166.160.147",
            "public_ip_addresses": [
              "172.166.160.147"
            ],
            "reboot_setting": "",
            "resource_group_name": "glasto_RG_UKSouth3",
            "secret": [],
            "secure_boot_enabled": false,
            "size": "Standard_D2s_v3",
            "source_image_id": "",
            "source_image_reference": [
              {
                "offer": "Windows-10",
                "publisher": "MicrosoftWindowsDesktop",
                "sku": "win10-22h2-pro-g2",
                "version": "latest"
              }
            ],
            "tags": null,
            "termination_notification": null,
            "timeouts": null,
            "timezone": "",
            "user_data": "",
            "virtual_machine_id": "38708c3c-c54f-4bdf-9a41-958f1b83021c",
            "virtual_machine_scale_set_id": "",
            "vtpm_enabled": false,
            "winrm_listener": [],
            "zone": ""
          },
          "sensitive_attributes": [],
          "private": "eyJlMmJmYjczMC1lY2FhLTExZTYtOGY4OC0zNDM2M2JjN2M0YzAiOnsiY3JlYXRlIjoyNzAwMDAwMDAwMDAwLCJkZWxldGUiOjI3MDAwMDAwMDAwMDAsInJlYWQiOjMwMDAwMDAwMDAwMCwidXBkYXRlIjoyNzAwMDAwMDAwMDAwfX0=",
          "dependencies": [
            "azurerm_network_interface.glasto_NI",
            "azurerm_public_ip.vm_public_IP",
            "azurerm_resource_group.glasto_RG",
            "azurerm_subnet.glasto_SNET",
            "azurerm_virtual_network.glasto_VNET"
          ]
        },
        {
          "index_key": "UKSouth4",
          "schema_version": 0,
          "attributes": {
            "additional_capabilities": [],
            "additional_unattend_content": [],
            "admin_password": "VMPowerBI56!!",
            "admin_username": "kit-kat96",
            "allow_extension_operations": true,
            "availability_set_id": "",
            "boot_diagnostics": [],
            "bypass_platform_safety_checks_on_user_schedule_enabled": false,
            "capacity_reservation_group_id": "",
            "computer_name": "UKSouth4",
            "custom_data": null,
            "dedicated_host_group_id": "",
            "dedicated_host_id": "",
            "edge_zone": "",
            "enable_automatic_updates": true,
            "encryption_at_host_enabled": false,
            "eviction_policy": "",
            "extensions_time_budget": "PT1H30M",
            "gallery_application": [],
            "hotpatching_enabled": false,
            "id": "/subscriptions/3ac00602-379c-46d6-afac-a59785a330b2/resourceGroups/glasto_RG_UKSouth4/providers/Microsoft.Compute/virtualMachines/UKSouth4",
            "identity": [],
            "license_type": "",
            "location": "uksouth",
            "max_bid_price": -1,
            "name": "UKSouth4",
            "network_interface_ids": [
              "/subscriptions/3ac00602-379c-46d6-afac-a59785a330b2/resourceGroups/glasto_RG_UKSouth4/providers/Microsoft.Network/networkInterfaces/glasto_NI"
            ],
            "os_disk": [
              {
                "caching": "ReadWrite",
                "diff_disk_settings": [],
                "disk_encryption_set_id": "",
                "disk_size_gb": 127,
                "name": "UKSouth4_OsDisk_1_9b546ecd81ce4f1ebcf4229b6057b5b9",
                "secure_vm_disk_encryption_set_id": "",
                "security_encryption_type": "",
                "storage_account_type": "Standard_LRS",
                "write_accelerator_enabled": false
              }
            ],
            "patch_assessment_mode": "ImageDefault",
            "patch_mode": "AutomaticByOS",
            "plan": [],
            "platform_fault_domain": -1,
            "priority": "Regular",
            "private_ip_address": "10.0.2.4",
            "private_ip_addresses": [
              "10.0.2.4"
            ],
            "provision_vm_agent": true,
            "proximity_placement_group_id": "",
            "public_ip_address": "172.166.160.150",
            "public_ip_addresses": [
              "172.166.160.150"
            ],
            "reboot_setting": "",
            "resource_group_name": "glasto_RG_UKSouth4",
            "secret": [],
            "secure_boot_enabled": false,
            "size": "Standard_D2s_v3",
            "source_image_id": "",
            "source_image_reference": [
              {
                "offer": "Windows-10",
                "publisher": "MicrosoftWindowsDesktop",
                "sku": "win10-22h2-pro-g2",
                "version": "latest"
              }
            ],
            "tags": null,
            "termination_notification": null,
            "timeouts": null,
            "timezone": "",
            "user_data": "",
            "virtual_machine_id": "33897ded-fc06-4f15-8c44-758635b80d20",
            "virtual_machine_scale_set_id": "",
            "vtpm_enabled": false,
            "winrm_listener": [],
            "zone": ""
          },
          "sensitive_attributes": [],
          "private": "eyJlMmJmYjczMC1lY2FhLTExZTYtOGY4OC0zNDM2M2JjN2M0YzAiOnsiY3JlYXRlIjoyNzAwMDAwMDAwMDAwLCJkZWxldGUiOjI3MDAwMDAwMDAwMDAsInJlYWQiOjMwMDAwMDAwMDAwMCwidXBkYXRlIjoyNzAwMDAwMDAwMDAwfX0=",
          "dependencies": [
            "azurerm_network_interface.glasto_NI",
            "azurerm_public_ip.vm_public_IP",
            "azurerm_resource_group.glasto_RG",
            "azurerm_subnet.glasto_SNET",
            "azurerm_virtual_network.glasto_VNET"
          ]
        },
        {
          "index_key": "UKWest1",
          "schema_version": 0,
          "attributes": {
            "additional_capabilities": [],
            "additional_unattend_content": [],
            "admin_password": "VMPowerBI56!!",
            "admin_username": "kit-kat96",
            "allow_extension_operations": true,
            "availability_set_id": "",
            "boot_diagnostics": [],
            "bypass_platform_safety_checks_on_user_schedule_enabled": false,
            "capacity_reservation_group_id": "",
            "computer_name": "UKWest1",
            "custom_data": null,
            "dedicated_host_group_id": "",
            "dedicated_host_id": "",
            "edge_zone": "",
            "enable_automatic_updates": true,
            "encryption_at_host_enabled": false,
            "eviction_policy": "",
            "extensions_time_budget": "PT1H30M",
            "gallery_application": [],
            "hotpatching_enabled": false,
            "id": "/subscriptions/3ac00602-379c-46d6-afac-a59785a330b2/resourceGroups/glasto_RG_UKWest1/providers/Microsoft.Compute/virtualMachines/UKWest1",
            "identity": [],
            "license_type": "",
            "location": "ukwest",
            "max_bid_price": -1,
            "name": "UKWest1",
            "network_interface_ids": [
              "/subscriptions/3ac00602-379c-46d6-afac-a59785a330b2/resourceGroups/glasto_RG_UKWest1/providers/Microsoft.Network/networkInterfaces/glasto_NI"
            ],
            "os_disk": [
              {
                "caching": "ReadWrite",
                "diff_disk_settings": [],
                "disk_encryption_set_id": "",
                "disk_size_gb": 127,
                "name": "UKWest1_OsDisk_1_0d924fcd43784a85927ffc66b101e06e",
                "secure_vm_disk_encryption_set_id": "",
                "security_encryption_type": "",
                "storage_account_type": "Standard_LRS",
                "write_accelerator_enabled": false
              }
            ],
            "patch_assessment_mode": "ImageDefault",
            "patch_mode": "AutomaticByOS",
            "plan": [],
            "platform_fault_domain": -1,
            "priority": "Regular",
            "private_ip_address": "10.0.2.4",
            "private_ip_addresses": [
              "10.0.2.4"
            ],
            "provision_vm_agent": true,
            "proximity_placement_group_id": "",
            "public_ip_address": "20.254.199.139",
            "public_ip_addresses": [
              "20.254.199.139"
            ],
            "reboot_setting": "",
            "resource_group_name": "glasto_RG_UKWest1",
            "secret": [],
            "secure_boot_enabled": false,
            "size": "Standard_D2s_v3",
            "source_image_id": "",
            "source_image_reference": [
              {
                "offer": "Windows-10",
                "publisher": "MicrosoftWindowsDesktop",
                "sku": "win10-22h2-pro-g2",
                "version": "latest"
              }
            ],
            "tags": null,
            "termination_notification": null,
            "timeouts": null,
            "timezone": "",
            "user_data": "",
            "virtual_machine_id": "908e8149-6c37-4c9e-8901-bfdc6b40f125",
            "virtual_machine_scale_set_id": "",
            "vtpm_enabled": false,
            "winrm_listener": [],
            "zone": ""
          },
          "sensitive_attributes": [],
          "private": "eyJlMmJmYjczMC1lY2FhLTExZTYtOGY4OC0zNDM2M2JjN2M0YzAiOnsiY3JlYXRlIjoyNzAwMDAwMDAwMDAwLCJkZWxldGUiOjI3MDAwMDAwMDAwMDAsInJlYWQiOjMwMDAwMDAwMDAwMCwidXBkYXRlIjoyNzAwMDAwMDAwMDAwfX0=",
          "dependencies": [
            "azurerm_network_interface.glasto_NI",
            "azurerm_public_ip.vm_public_IP",
            "azurerm_resource_group.glasto_RG",
            "azurerm_subnet.glasto_SNET",
            "azurerm_virtual_network.glasto_VNET"
          ]
        },
        {
          "index_key": "UKWest2",
          "schema_version": 0,
          "attributes": {
            "additional_capabilities": [],
            "additional_unattend_content": [],
            "admin_password": "VMPowerBI56!!",
            "admin_username": "kit-kat96",
            "allow_extension_operations": true,
            "availability_set_id": "",
            "boot_diagnostics": [],
            "bypass_platform_safety_checks_on_user_schedule_enabled": false,
            "capacity_reservation_group_id": "",
            "computer_name": "UKWest2",
            "custom_data": null,
            "dedicated_host_group_id": "",
            "dedicated_host_id": "",
            "edge_zone": "",
            "enable_automatic_updates": true,
            "encryption_at_host_enabled": false,
            "eviction_policy": "",
            "extensions_time_budget": "PT1H30M",
            "gallery_application": [],
            "hotpatching_enabled": false,
            "id": "/subscriptions/3ac00602-379c-46d6-afac-a59785a330b2/resourceGroups/glasto_RG_UKWest2/providers/Microsoft.Compute/virtualMachines/UKWest2",
            "identity": [],
            "license_type": "",
            "location": "ukwest",
            "max_bid_price": -1,
            "name": "UKWest2",
            "network_interface_ids": [
              "/subscriptions/3ac00602-379c-46d6-afac-a59785a330b2/resourceGroups/glasto_RG_UKWest2/providers/Microsoft.Network/networkInterfaces/glasto_NI"
            ],
            "os_disk": [
              {
                "caching": "ReadWrite",
                "diff_disk_settings": [],
                "disk_encryption_set_id": "",
                "disk_size_gb": 127,
                "name": "UKWest2_OsDisk_1_53d6970f09684dbdaa22d29b2d79c645",
                "secure_vm_disk_encryption_set_id": "",
                "security_encryption_type": "",
                "storage_account_type": "Standard_LRS",
                "write_accelerator_enabled": false
              }
            ],
            "patch_assessment_mode": "ImageDefault",
            "patch_mode": "AutomaticByOS",
            "plan": [],
            "platform_fault_domain": -1,
            "priority": "Regular",
            "private_ip_address": "10.0.2.4",
            "private_ip_addresses": [
              "10.0.2.4"
            ],
            "provision_vm_agent": true,
            "proximity_placement_group_id": "",
            "public_ip_address": "20.254.199.144",
            "public_ip_addresses": [
              "20.254.199.144"
            ],
            "reboot_setting": "",
            "resource_group_name": "glasto_RG_UKWest2",
            "secret": [],
            "secure_boot_enabled": false,
            "size": "Standard_D2s_v3",
            "source_image_id": "",
            "source_image_reference": [
              {
                "offer": "Windows-10",
                "publisher": "MicrosoftWindowsDesktop",
                "sku": "win10-22h2-pro-g2",
                "version": "latest"
              }
            ],
            "tags": null,
            "termination_notification": null,
            "timeouts": null,
            "timezone": "",
            "user_data": "",
            "virtual_machine_id": "bc24d392-10f2-493e-96db-8eb3f766a330",
            "virtual_machine_scale_set_id": "",
            "vtpm_enabled": false,
            "winrm_listener": [],
            "zone": ""
          },
          "sensitive_attributes": [],
          "private": "eyJlMmJmYjczMC1lY2FhLTExZTYtOGY4OC0zNDM2M2JjN2M0YzAiOnsiY3JlYXRlIjoyNzAwMDAwMDAwMDAwLCJkZWxldGUiOjI3MDAwMDAwMDAwMDAsInJlYWQiOjMwMDAwMDAwMDAwMCwidXBkYXRlIjoyNzAwMDAwMDAwMDAwfX0=",
          "dependencies": [
            "azurerm_network_interface.glasto_NI",
            "azurerm_public_ip.vm_public_IP",
            "azurerm_resource_group.glasto_RG",
            "azurerm_subnet.glasto_SNET",
            "azurerm_virtual_network.glasto_VNET"
          ]
        },
        {
          "index_key": "UKWest3",
          "schema_version": 0,
          "attributes": {
            "additional_capabilities": [],
            "additional_unattend_content": [],
            "admin_password": "VMPowerBI56!!",
            "admin_username": "kit-kat96",
            "allow_extension_operations": true,
            "availability_set_id": "",
            "boot_diagnostics": [],
            "bypass_platform_safety_checks_on_user_schedule_enabled": false,
            "capacity_reservation_group_id": "",
            "computer_name": "UKWest3",
            "custom_data": null,
            "dedicated_host_group_id": "",
            "dedicated_host_id": "",
            "edge_zone": "",
            "enable_automatic_updates": true,
            "encryption_at_host_enabled": false,
            "eviction_policy": "",
            "extensions_time_budget": "PT1H30M",
            "gallery_application": [],
            "hotpatching_enabled": false,
            "id": "/subscriptions/3ac00602-379c-46d6-afac-a59785a330b2/resourceGroups/glasto_RG_UKWest3/providers/Microsoft.Compute/virtualMachines/UKWest3",
            "identity": [],
            "license_type": "",
            "location": "ukwest",
            "max_bid_price": -1,
            "name": "UKWest3",
            "network_interface_ids": [
              "/subscriptions/3ac00602-379c-46d6-afac-a59785a330b2/resourceGroups/glasto_RG_UKWest3/providers/Microsoft.Network/networkInterfaces/glasto_NI"
            ],
            "os_disk": [
              {
                "caching": "ReadWrite",
                "diff_disk_settings": [],
                "disk_encryption_set_id": "",
                "disk_size_gb": 127,
                "name": "UKWest3_OsDisk_1_87bcf9afffe84f848bae5b40148e4fad",
                "secure_vm_disk_encryption_set_id": "",
                "security_encryption_type": "",
                "storage_account_type": "Standard_LRS",
                "write_accelerator_enabled": false
              }
            ],
            "patch_assessment_mode": "ImageDefault",
            "patch_mode": "AutomaticByOS",
            "plan": [],
            "platform_fault_domain": -1,
            "priority": "Regular",
            "private_ip_address": "10.0.2.4",
            "private_ip_addresses": [
              "10.0.2.4"
            ],
            "provision_vm_agent": true,
            "proximity_placement_group_id": "",
            "public_ip_address": "20.254.199.136",
            "public_ip_addresses": [
              "20.254.199.136"
            ],
            "reboot_setting": "",
            "resource_group_name": "glasto_RG_UKWest3",
            "secret": [],
            "secure_boot_enabled": false,
            "size": "Standard_D2s_v3",
            "source_image_id": "",
            "source_image_reference": [
              {
                "offer": "Windows-10",
                "publisher": "MicrosoftWindowsDesktop",
                "sku": "win10-22h2-pro-g2",
                "version": "latest"
              }
            ],
            "tags": null,
            "termination_notification": null,
            "timeouts": null,
            "timezone": "",
            "user_data": "",
            "virtual_machine_id": "8d82af4e-f9c9-460a-a4ae-b5f4992ef888",
            "virtual_machine_scale_set_id": "",
            "vtpm_enabled": false,
            "winrm_listener": [],
            "zone": ""
          },
          "sensitive_attributes": [],
          "private": "eyJlMmJmYjczMC1lY2FhLTExZTYtOGY4OC0zNDM2M2JjN2M0YzAiOnsiY3JlYXRlIjoyNzAwMDAwMDAwMDAwLCJkZWxldGUiOjI3MDAwMDAwMDAwMDAsInJlYWQiOjMwMDAwMDAwMDAwMCwidXBkYXRlIjoyNzAwMDAwMDAwMDAwfX0=",
          "dependencies": [
            "azurerm_network_interface.glasto_NI",
            "azurerm_public_ip.vm_public_IP",
            "azurerm_resource_group.glasto_RG",
            "azurerm_subnet.glasto_SNET",
            "azurerm_virtual_network.glasto_VNET"
          ]
        },
        {
          "index_key": "UKWest4",
          "schema_version": 0,
          "attributes": {
            "additional_capabilities": [],
            "additional_unattend_content": [],
            "admin_password": "VMPowerBI56!!",
            "admin_username": "kit-kat96",
            "allow_extension_operations": true,
            "availability_set_id": "",
            "boot_diagnostics": [],
            "bypass_platform_safety_checks_on_user_schedule_enabled": false,
            "capacity_reservation_group_id": "",
            "computer_name": "UKWest4",
            "custom_data": null,
            "dedicated_host_group_id": "",
            "dedicated_host_id": "",
            "edge_zone": "",
            "enable_automatic_updates": true,
            "encryption_at_host_enabled": false,
            "eviction_policy": "",
            "extensions_time_budget": "PT1H30M",
            "gallery_application": [],
            "hotpatching_enabled": false,
            "id": "/subscriptions/3ac00602-379c-46d6-afac-a59785a330b2/resourceGroups/glasto_RG_UKWest4/providers/Microsoft.Compute/virtualMachines/UKWest4",
            "identity": [],
            "license_type": "",
            "location": "ukwest",
            "max_bid_price": -1,
            "name": "UKWest4",
            "network_interface_ids": [
              "/subscriptions/3ac00602-379c-46d6-afac-a59785a330b2/resourceGroups/glasto_RG_UKWest4/providers/Microsoft.Network/networkInterfaces/glasto_NI"
            ],
            "os_disk": [
              {
                "caching": "ReadWrite",
                "diff_disk_settings": [],
                "disk_encryption_set_id": "",
                "disk_size_gb": 127,
                "name": "UKWest4_OsDisk_1_77478693d2ca4ac7b5def36d489c1591",
                "secure_vm_disk_encryption_set_id": "",
                "security_encryption_type": "",
                "storage_account_type": "Standard_LRS",
                "write_accelerator_enabled": false
              }
            ],
            "patch_assessment_mode": "ImageDefault",
            "patch_mode": "AutomaticByOS",
            "plan": [],
            "platform_fault_domain": -1,
            "priority": "Regular",
            "private_ip_address": "10.0.2.4",
            "private_ip_addresses": [
              "10.0.2.4"
            ],
            "provision_vm_agent": true,
            "proximity_placement_group_id": "",
            "public_ip_address": "20.254.198.110",
            "public_ip_addresses": [
              "20.254.198.110"
            ],
            "reboot_setting": "",
            "resource_group_name": "glasto_RG_UKWest4",
            "secret": [],
            "secure_boot_enabled": false,
            "size": "Standard_D2s_v3",
            "source_image_id": "",
            "source_image_reference": [
              {
                "offer": "Windows-10",
                "publisher": "MicrosoftWindowsDesktop",
                "sku": "win10-22h2-pro-g2",
                "version": "latest"
              }
            ],
            "tags": null,
            "termination_notification": null,
            "timeouts": null,
            "timezone": "",
            "user_data": "",
            "virtual_machine_id": "7d1a3db0-5332-423f-8826-e267ba3aa708",
            "virtual_machine_scale_set_id": "",
            "vtpm_enabled": false,
            "winrm_listener": [],
            "zone": ""
          },
          "sensitive_attributes": [],
          "private": "eyJlMmJmYjczMC1lY2FhLTExZTYtOGY4OC0zNDM2M2JjN2M0YzAiOnsiY3JlYXRlIjoyNzAwMDAwMDAwMDAwLCJkZWxldGUiOjI3MDAwMDAwMDAwMDAsInJlYWQiOjMwMDAwMDAwMDAwMCwidXBkYXRlIjoyNzAwMDAwMDAwMDAwfX0=",
          "dependencies": [
            "azurerm_network_interface.glasto_NI",
            "azurerm_public_ip.vm_public_IP",
            "azurerm_resource_group.glasto_RG",
            "azurerm_subnet.glasto_SNET",
            "azurerm_virtual_network.glasto_VNET"
          ]
        }
      ]
    }
  ],
  "check_results": null
}
